// !$*UTF8*$!
{
	archiveVersion = 1;
	classes = {
	};
	objectVersion = 50;
	objects = {

/* Begin PBXBuildFile section */
		9E442642260D9A0000F2A0E3 /* UserView.swift in Sources */ = {isa = PBXBuildFile; fileRef = 9E442641260D9A0000F2A0E3 /* UserView.swift */; };
		9E442646260D9A0D00F2A0E3 /* LoginViewController.xib in Resources */ = {isa = PBXBuildFile; fileRef = 9E442644260D9A0D00F2A0E3 /* LoginViewController.xib */; };
		9E442647260D9A0D00F2A0E3 /* LoginViewController.swift in Sources */ = {isa = PBXBuildFile; fileRef = 9E442645260D9A0D00F2A0E3 /* LoginViewController.swift */; };
		9E7FACA826083D8900D01422 /* AppDelegate.swift in Sources */ = {isa = PBXBuildFile; fileRef = 9E7FACA726083D8900D01422 /* AppDelegate.swift */; };
		9E7FACAA26083D8900D01422 /* SceneDelegate.swift in Sources */ = {isa = PBXBuildFile; fileRef = 9E7FACA926083D8900D01422 /* SceneDelegate.swift */; };
		9E7FACAC26083D8900D01422 /* ViewController.swift in Sources */ = {isa = PBXBuildFile; fileRef = 9E7FACAB26083D8900D01422 /* ViewController.swift */; };
		9E7FACAF26083D8900D01422 /* Main.storyboard in Resources */ = {isa = PBXBuildFile; fileRef = 9E7FACAD26083D8900D01422 /* Main.storyboard */; };
		9E7FACB126083D8B00D01422 /* Assets.xcassets in Resources */ = {isa = PBXBuildFile; fileRef = 9E7FACB026083D8B00D01422 /* Assets.xcassets */; };
		9E7FACB426083D8B00D01422 /* LaunchScreen.storyboard in Resources */ = {isa = PBXBuildFile; fileRef = 9E7FACB226083D8B00D01422 /* LaunchScreen.storyboard */; };
/* End PBXBuildFile section */

/* Begin PBXFileReference section */
		9E442641260D9A0000F2A0E3 /* UserView.swift */ = {isa = PBXFileReference; fileEncoding = 4; lastKnownFileType = sourcecode.swift; path = UserView.swift; sourceTree = "<group>"; };
		9E442644260D9A0D00F2A0E3 /* LoginViewController.xib */ = {isa = PBXFileReference; fileEncoding = 4; lastKnownFileType = file.xib; path = LoginViewController.xib; sourceTree = "<group>"; };
		9E442645260D9A0D00F2A0E3 /* LoginViewController.swift */ = {isa = PBXFileReference; fileEncoding = 4; lastKnownFileType = sourcecode.swift; path = LoginViewController.swift; sourceTree = "<group>"; };
		9E7FACA426083D8900D01422 /* UIKitDemo.app */ = {isa = PBXFileReference; explicitFileType = wrapper.application; includeInIndex = 0; path = UIKitDemo.app; sourceTree = BUILT_PRODUCTS_DIR; };
		9E7FACA726083D8900D01422 /* AppDelegate.swift */ = {isa = PBXFileReference; lastKnownFileType = sourcecode.swift; path = AppDelegate.swift; sourceTree = "<group>"; };
		9E7FACA926083D8900D01422 /* SceneDelegate.swift */ = {isa = PBXFileReference; lastKnownFileType = sourcecode.swift; path = SceneDelegate.swift; sourceTree = "<group>"; };
		9E7FACAB26083D8900D01422 /* ViewController.swift */ = {isa = PBXFileReference; lastKnownFileType = sourcecode.swift; path = ViewController.swift; sourceTree = "<group>"; };
		9E7FACAE26083D8900D01422 /* Base */ = {isa = PBXFileReference; lastKnownFileType = file.storyboard; name = Base; path = Base.lproj/Main.storyboard; sourceTree = "<group>"; };
		9E7FACB026083D8B00D01422 /* Assets.xcassets */ = {isa = PBXFileReference; lastKnownFileType = folder.assetcatalog; path = Assets.xcassets; sourceTree = "<group>"; };
		9E7FACB326083D8B00D01422 /* Base */ = {isa = PBXFileReference; lastKnownFileType = file.storyboard; name = Base; path = Base.lproj/LaunchScreen.storyboard; sourceTree = "<group>"; };
		9E7FACB526083D8B00D01422 /* Info.plist */ = {isa = PBXFileReference; lastKnownFileType = text.plist.xml; path = Info.plist; sourceTree = "<group>"; };
/* End PBXFileReference section */

/* Begin PBXFrameworksBuildPhase section */
		9E7FACA126083D8900D01422 /* Frameworks */ = {
			isa = PBXFrameworksBuildPhase;
			buildActionMask = 2147483647;
			files = (
			);
			runOnlyForDeploymentPostprocessing = 0;
		};
/* End PBXFrameworksBuildPhase section */

/* Begin PBXGroup section */
		9E442613260C6F7B00F2A0E3 /* Views */ = {
			isa = PBXGroup;
			children = (
				9E442640260D9A0000F2A0E3 /* UserView */,
			);
			path = Views;
			sourceTree = "<group>";
		};
		9E442614260C6F9500F2A0E3 /* Controllers */ = {
			isa = PBXGroup;
			children = (
				9E442617260C6FC100F2A0E3 /* LoginVC */,
				9E7FACAB26083D8900D01422 /* ViewController.swift */,
			);
			path = Controllers;
			sourceTree = "<group>";
		};
		9E442616260C6FAC00F2A0E3 /* AppDelegate */ = {
			isa = PBXGroup;
			children = (
				9E7FACA726083D8900D01422 /* AppDelegate.swift */,
				9E7FACA926083D8900D01422 /* SceneDelegate.swift */,
			);
			path = AppDelegate;
			sourceTree = "<group>";
		};
		9E442617260C6FC100F2A0E3 /* LoginVC */ = {
			isa = PBXGroup;
			children = (
				9E442645260D9A0D00F2A0E3 /* LoginViewController.swift */,
				9E442644260D9A0D00F2A0E3 /* LoginViewController.xib */,
			);
			path = LoginVC;
			sourceTree = "<group>";
		};
		9E442640260D9A0000F2A0E3 /* UserView */ = {
			isa = PBXGroup;
			children = (
				9E442641260D9A0000F2A0E3 /* UserView.swift */,
			);
			path = UserView;
			sourceTree = "<group>";
		};
		9E7FAC9B26083D8900D01422 = {
			isa = PBXGroup;
			children = (
				9E7FACA626083D8900D01422 /* UIKitDemo */,
				9E7FACA526083D8900D01422 /* Products */,
			);
			sourceTree = "<group>";
		};
		9E7FACA526083D8900D01422 /* Products */ = {
			isa = PBXGroup;
			children = (
				9E7FACA426083D8900D01422 /* UIKitDemo.app */,
			);
			name = Products;
			sourceTree = "<group>";
		};
		9E7FACA626083D8900D01422 /* UIKitDemo */ = {
			isa = PBXGroup;
			children = (
				9E442616260C6FAC00F2A0E3 /* AppDelegate */,
				9E442614260C6F9500F2A0E3 /* Controllers */,
				9E442613260C6F7B00F2A0E3 /* Views */,
				9E7FACAD26083D8900D01422 /* Main.storyboard */,
				9E7FACB026083D8B00D01422 /* Assets.xcassets */,
				9E7FACB226083D8B00D01422 /* LaunchScreen.storyboard */,
				9E7FACB526083D8B00D01422 /* Info.plist */,
			);
			path = UIKitDemo;
			sourceTree = "<group>";
		};
/* End PBXGroup section */

/* Begin PBXNativeTarget section */
		9E7FACA326083D8900D01422 /* UIKitDemo */ = {
			isa = PBXNativeTarget;
			buildConfigurationList = 9E7FACB826083D8B00D01422 /* Build configuration list for PBXNativeTarget "UIKitDemo" */;
			buildPhases = (
				9E7FACA026083D8900D01422 /* Sources */,
				9E7FACA126083D8900D01422 /* Frameworks */,
				9E7FACA226083D8900D01422 /* Resources */,
			);
			buildRules = (
			);
			dependencies = (
			);
			name = UIKitDemo;
			productName = UIKitDemo;
			productReference = 9E7FACA426083D8900D01422 /* UIKitDemo.app */;
			productType = "com.apple.product-type.application";
		};
/* End PBXNativeTarget section */

/* Begin PBXProject section */
		9E7FAC9C26083D8900D01422 /* Project object */ = {
			isa = PBXProject;
			attributes = {
				LastSwiftUpdateCheck = 1210;
				LastUpgradeCheck = 1210;
				TargetAttributes = {
					9E7FACA326083D8900D01422 = {
						CreatedOnToolsVersion = 12.1;
					};
				};
			};
			buildConfigurationList = 9E7FAC9F26083D8900D01422 /* Build configuration list for PBXProject "UIKitDemo" */;
			compatibilityVersion = "Xcode 9.3";
			developmentRegion = en;
			hasScannedForEncodings = 0;
			knownRegions = (
				en,
				Base,
			);
			mainGroup = 9E7FAC9B26083D8900D01422;
			productRefGroup = 9E7FACA526083D8900D01422 /* Products */;
			projectDirPath = "";
			projectRoot = "";
			targets = (
				9E7FACA326083D8900D01422 /* UIKitDemo */,
			);
		};
/* End PBXProject section */

/* Begin PBXResourcesBuildPhase section */
		9E7FACA226083D8900D01422 /* Resources */ = {
			isa = PBXResourcesBuildPhase;
			buildActionMask = 2147483647;
			files = (
				9E442646260D9A0D00F2A0E3 /* LoginViewController.xib in Resources */,
				9E7FACB426083D8B00D01422 /* LaunchScreen.storyboard in Resources */,
				9E7FACB126083D8B00D01422 /* Assets.xcassets in Resources */,
				9E7FACAF26083D8900D01422 /* Main.storyboard in Resources */,
			);
			runOnlyForDeploymentPostprocessing = 0;
		};
/* End PBXResourcesBuildPhase section */

/* Begin PBXSourcesBuildPhase section */
		9E7FACA026083D8900D01422 /* Sources */ = {
			isa = PBXSourcesBuildPhase;
			buildActionMask = 2147483647;
			files = (
				9E7FACAC26083D8900D01422 /* ViewController.swift in Sources */,
				9E7FACA826083D8900D01422 /* AppDelegate.swift in Sources */,
				9E7FACAA26083D8900D01422 /* SceneDelegate.swift in Sources */,
				9E442647260D9A0D00F2A0E3 /* LoginViewController.swift in Sources */,
				9E442642260D9A0000F2A0E3 /* UserView.swift in Sources */,
			);
			runOnlyForDeploymentPostprocessing = 0;
		};
/* End PBXSourcesBuildPhase section */

/* Begin PBXVariantGroup section */
		9E7FACAD26083D8900D01422 /* Main.storyboard */ = {
			isa = PBXVariantGroup;
			children = (
				9E7FACAE26083D8900D01422 /* Base */,
			);
			name = Main.storyboard;
			sourceTree = "<group>";
		};
		9E7FACB226083D8B00D01422 /* LaunchScreen.storyboard */ = {
			isa = PBXVariantGroup;
			children = (
				9E7FACB326083D8B00D01422 /* Base */,
			);
			name = LaunchScreen.storyboard;
			sourceTree = "<group>";
		};
/* End PBXVariantGroup section */

/* Begin XCBuildConfiguration section */
		9E7FACB626083D8B00D01422 /* Debug */ = {
			isa = XCBuildConfiguration;
			buildSettings = {
				ALWAYS_SEARCH_USER_PATHS = NO;
				CLANG_ANALYZER_NONNULL = YES;
				CLANG_ANALYZER_NUMBER_OBJECT_CONVERSION = YES_AGGRESSIVE;
				CLANG_CXX_LANGUAGE_STANDARD = "gnu++14";
				CLANG_CXX_LIBRARY = "libc++";
				CLANG_ENABLE_MODULES = YES;
				CLANG_ENABLE_OBJC_ARC = YES;
				CLANG_ENABLE_OBJC_WEAK = YES;
				CLANG_WARN_BLOCK_CAPTURE_AUTORELEASING = YES;
				CLANG_WARN_BOOL_CONVERSION = YES;
				CLANG_WARN_COMMA = YES;
				CLANG_WARN_CONSTANT_CONVERSION = YES;
				CLANG_WARN_DEPRECATED_OBJC_IMPLEMENTATIONS = YES;
				CLANG_WARN_DIRECT_OBJC_ISA_USAGE = YES_ERROR;
				CLANG_WARN_DOCUMENTATION_COMMENTS = YES;
				CLANG_WARN_EMPTY_BODY = YES;
				CLANG_WARN_ENUM_CONVERSION = YES;
				CLANG_WARN_INFINITE_RECURSION = YES;
				CLANG_WARN_INT_CONVERSION = YES;
				CLANG_WARN_NON_LITERAL_NULL_CONVERSION = YES;
				CLANG_WARN_OBJC_IMPLICIT_RETAIN_SELF = YES;
				CLANG_WARN_OBJC_LITERAL_CONVERSION = YES;
				CLANG_WARN_OBJC_ROOT_CLASS = YES_ERROR;
				CLANG_WARN_QUOTED_INCLUDE_IN_FRAMEWORK_HEADER = YES;
				CLANG_WARN_RANGE_LOOP_ANALYSIS = YES;
				CLANG_WARN_STRICT_PROTOTYPES = YES;
				CLANG_WARN_SUSPICIOUS_MOVE = YES;
				CLANG_WARN_UNGUARDED_AVAILABILITY = YES_AGGRESSIVE;
				CLANG_WARN_UNREACHABLE_CODE = YES;
				CLANG_WARN__DUPLICATE_METHOD_MATCH = YES;
				COPY_PHASE_STRIP = NO;
				DEBUG_INFORMATION_FORMAT = dwarf;
				ENABLE_STRICT_OBJC_MSGSEND = YES;
				ENABLE_TESTABILITY = YES;
				GCC_C_LANGUAGE_STANDARD = gnu11;
				GCC_DYNAMIC_NO_PIC = NO;
				GCC_NO_COMMON_BLOCKS = YES;
				GCC_OPTIMIZATION_LEVEL = 0;
				GCC_PREPROCESSOR_DEFINITIONS = (
					"DEBUG=1",
					"$(inherited)",
				);
				GCC_WARN_64_TO_32_BIT_CONVERSION = YES;
				GCC_WARN_ABOUT_RETURN_TYPE = YES_ERROR;
				GCC_WARN_UNDECLARED_SELECTOR = YES;
				GCC_WARN_UNINITIALIZED_AUTOS = YES_AGGRESSIVE;
				GCC_WARN_UNUSED_FUNCTION = YES;
				GCC_WARN_UNUSED_VARIABLE = YES;
				IPHONEOS_DEPLOYMENT_TARGET = 14.1;
				MTL_ENABLE_DEBUG_INFO = INCLUDE_SOURCE;
				MTL_FAST_MATH = YES;
				ONLY_ACTIVE_ARCH = YES;
				SDKROOT = iphoneos;
				SWIFT_ACTIVE_COMPILATION_CONDITIONS = DEBUG;
				SWIFT_OPTIMIZATION_LEVEL = "-Onone";
			};
			name = Debug;
		};
		9E7FACB726083D8B00D01422 /* Release */ = {
			isa = XCBuildConfiguration;
			buildSettings = {
				ALWAYS_SEARCH_USER_PATHS = NO;
				CLANG_ANALYZER_NONNULL = YES;
				CLANG_ANALYZER_NUMBER_OBJECT_CONVERSION = YES_AGGRESSIVE;
				CLANG_CXX_LANGUAGE_STANDARD = "gnu++14";
				CLANG_CXX_LIBRARY = "libc++";
				CLANG_ENABLE_MODULES = YES;
				CLANG_ENABLE_OBJC_ARC = YES;
				CLANG_ENABLE_OBJC_WEAK = YES;
				CLANG_WARN_BLOCK_CAPTURE_AUTORELEASING = YES;
				CLANG_WARN_BOOL_CONVERSION = YES;
				CLANG_WARN_COMMA = YES;
				CLANG_WARN_CONSTANT_CONVERSION = YES;
				CLANG_WARN_DEPRECATED_OBJC_IMPLEMENTATIONS = YES;
				CLANG_WARN_DIRECT_OBJC_ISA_USAGE = YES_ERROR;
				CLANG_WARN_DOCUMENTATION_COMMENTS = YES;
				CLANG_WARN_EMPTY_BODY = YES;
				CLANG_WARN_ENUM_CONVERSION = YES;
				CLANG_WARN_INFINITE_RECURSION = YES;
				CLANG_WARN_INT_CONVERSION = YES;
				CLANG_WARN_NON_LITERAL_NULL_CONVERSION = YES;
				CLANG_WARN_OBJC_IMPLICIT_RETAIN_SELF = YES;
				CLANG_WARN_OBJC_LITERAL_CONVERSION = YES;
				CLANG_WARN_OBJC_ROOT_CLASS = YES_ERROR;
				CLANG_WARN_QUOTED_INCLUDE_IN_FRAMEWORK_HEADER = YES;
				CLANG_WARN_RANGE_LOOP_ANALYSIS = YES;
				CLANG_WARN_STRICT_PROTOTYPES = YES;
				CLANG_WARN_SUSPICIOUS_MOVE = YES;
				CLANG_WARN_UNGUARDED_AVAILABILITY = YES_AGGRESSIVE;
				CLANG_WARN_UNREACHABLE_CODE = YES;
				CLANG_WARN__DUPLICATE_METHOD_MATCH = YES;
				COPY_PHASE_STRIP = NO;
				DEBUG_INFORMATION_FORMAT = "dwarf-with-dsym";
				ENABLE_NS_ASSERTIONS = NO;
				ENABLE_STRICT_OBJC_MSGSEND = YES;
				GCC_C_LANGUAGE_STANDARD = gnu11;
				GCC_NO_COMMON_BLOCKS = YES;
				GCC_WARN_64_TO_32_BIT_CONVERSION = YES;
				GCC_WARN_ABOUT_RETURN_TYPE = YES_ERROR;
				GCC_WARN_UNDECLARED_SELECTOR = YES;
				GCC_WARN_UNINITIALIZED_AUTOS = YES_AGGRESSIVE;
				GCC_WARN_UNUSED_FUNCTION = YES;
				GCC_WARN_UNUSED_VARIABLE = YES;
				IPHONEOS_DEPLOYMENT_TARGET = 14.1;
				MTL_ENABLE_DEBUG_INFO = NO;
				MTL_FAST_MATH = YES;
				SDKROOT = iphoneos;
				SWIFT_COMPILATION_MODE = wholemodule;
				SWIFT_OPTIMIZATION_LEVEL = "-O";
				VALIDATE_PRODUCT = YES;
			};
			name = Release;
		};
		9E7FACB926083D8B00D01422 /* Debug */ = {
			isa = XCBuildConfiguration;
			buildSettings = {
				ASSETCATALOG_COMPILER_APPICON_NAME = AppIcon;
				ASSETCATALOG_COMPILER_GLOBAL_ACCENT_COLOR_NAME = AccentColor;
				CODE_SIGN_STYLE = Automatic;
				DEVELOPMENT_TEAM = QG598U658S;
				INFOPLIST_FILE = UIKitDemo/Info.plist;
				LD_RUNPATH_SEARCH_PATHS = (
					"$(inherited)",
					"@executable_path/Frameworks",
				);
				PRODUCT_BUNDLE_IDENTIFIER = com.fx.UIKitDemo;
				PRODUCT_NAME = "$(TARGET_NAME)";
				SWIFT_VERSION = 5.0;
				TARGETED_DEVICE_FAMILY = "1,2";
			};
			name = Debug;
		};
		9E7FACBA26083D8B00D01422 /* Release */ = {
			isa = XCBuildConfiguration;
			buildSettings = {
				ASSETCATALOG_COMPILER_APPICON_NAME = AppIcon;
				ASSETCATALOG_COMPILER_GLOBAL_ACCENT_COLOR_NAME = AccentColor;
				CODE_SIGN_STYLE = Automatic;
				DEVELOPMENT_TEAM = QG598U658S;
				INFOPLIST_FILE = UIKitDemo/Info.plist;
				LD_RUNPATH_SEARCH_PATHS = (
					"$(inherited)",
					"@executable_path/Frameworks",
				);
				PRODUCT_BUNDLE_IDENTIFIER = com.fx.UIKitDemo;
				PRODUCT_NAME = "$(TARGET_NAME)";
				SWIFT_VERSION = 5.0;
				TARGETED_DEVICE_FAMILY = "1,2";
			};
			name = Release;
		};
/* End XCBuildConfiguration section */

/* Begin XCConfigurationList section */
		9E7FAC9F26083D8900D01422 /* Build configuration list for PBXProject "UIKitDemo" */ = {
			isa = XCConfigurationList;
			buildConfigurations = (
				9E7FACB626083D8B00D01422 /* Debug */,
				9E7FACB726083D8B00D01422 /* Release */,
			);
			defaultConfigurationIsVisible = 0;
			defaultConfigurationName = Release;
		};
		9E7FACB826083D8B00D01422 /* Build configuration list for PBXNativeTarget "UIKitDemo" */ = {
			isa = XCConfigurationList;
			buildConfigurations = (
				9E7FACB926083D8B00D01422 /* Debug */,
				9E7FACBA26083D8B00D01422 /* Release */,
			);
			defaultConfigurationIsVisible = 0;
			defaultConfigurationName = Release;
		};
/* End XCConfigurationList section */
	};
	rootObject = 9E7FAC9C26083D8900D01422 /* Project object */;
}
