// !$*UTF8*$!
{
	archiveVersion = 1;
	classes = {
	};
	objectVersion = 50;
	objects = {

/* Begin PBXBuildFile section */
		9ED3B5D925E3A2A5004F1365 /* DeclaringViewsApp.swift in Sources */ = {isa = PBXBuildFile; fileRef = 9ED3B5D825E3A2A5004F1365 /* DeclaringViewsApp.swift */; };
		9ED3B5DB25E3A2A5004F1365 /* ContentView.swift in Sources */ = {isa = PBXBuildFile; fileRef = 9ED3B5DA25E3A2A5004F1365 /* ContentView.swift */; };
		9ED3B5DD25E3A2A6004F1365 /* Assets.xcassets in Resources */ = {isa = PBXBuildFile; fileRef = 9ED3B5DC25E3A2A6004F1365 /* Assets.xcassets */; };
		9ED3B5E025E3A2A6004F1365 /* Preview Assets.xcassets in Resources */ = {isa = PBXBuildFile; fileRef = 9ED3B5DF25E3A2A6004F1365 /* Preview Assets.xcassets */; };
		9ED3B5E925E3B304004F1365 /* EnvironmentTestView.swift in Sources */ = {isa = PBXBuildFile; fileRef = 9ED3B5E825E3B304004F1365 /* EnvironmentTestView.swift */; };
/* End PBXBuildFile section */

/* Begin PBXFileReference section */
		9ED3B5D525E3A2A5004F1365 /* DeclaringViews.app */ = {isa = PBXFileReference; explicitFileType = wrapper.application; includeInIndex = 0; path = DeclaringViews.app; sourceTree = BUILT_PRODUCTS_DIR; };
		9ED3B5D825E3A2A5004F1365 /* DeclaringViewsApp.swift */ = {isa = PBXFileReference; lastKnownFileType = sourcecode.swift; path = DeclaringViewsApp.swift; sourceTree = "<group>"; };
		9ED3B5DA25E3A2A5004F1365 /* ContentView.swift */ = {isa = PBXFileReference; lastKnownFileType = sourcecode.swift; path = ContentView.swift; sourceTree = "<group>"; };
		9ED3B5DC25E3A2A6004F1365 /* Assets.xcassets */ = {isa = PBXFileReference; lastKnownFileType = folder.assetcatalog; path = Assets.xcassets; sourceTree = "<group>"; };
		9ED3B5DF25E3A2A6004F1365 /* Preview Assets.xcassets */ = {isa = PBXFileReference; lastKnownFileType = folder.assetcatalog; path = "Preview Assets.xcassets"; sourceTree = "<group>"; };
		9ED3B5E125E3A2A6004F1365 /* Info.plist */ = {isa = PBXFileReference; lastKnownFileType = text.plist.xml; path = Info.plist; sourceTree = "<group>"; };
		9ED3B5E825E3B304004F1365 /* EnvironmentTestView.swift */ = {isa = PBXFileReference; lastKnownFileType = sourcecode.swift; path = EnvironmentTestView.swift; sourceTree = "<group>"; };
/* End PBXFileReference section */

/* Begin PBXFrameworksBuildPhase section */
		9ED3B5D225E3A2A4004F1365 /* Frameworks */ = {
			isa = PBXFrameworksBuildPhase;
			buildActionMask = 2147483647;
			files = (
			);
			runOnlyForDeploymentPostprocessing = 0;
		};
/* End PBXFrameworksBuildPhase section */

/* Begin PBXGroup section */
		9ED3B5CC25E3A2A4004F1365 = {
			isa = PBXGroup;
			children = (
				9ED3B5D725E3A2A5004F1365 /* DeclaringViews */,
				9ED3B5D625E3A2A5004F1365 /* Products */,
			);
			sourceTree = "<group>";
		};
		9ED3B5D625E3A2A5004F1365 /* Products */ = {
			isa = PBXGroup;
			children = (
				9ED3B5D525E3A2A5004F1365 /* DeclaringViews.app */,
			);
			name = Products;
			sourceTree = "<group>";
		};
		9ED3B5D725E3A2A5004F1365 /* DeclaringViews */ = {
			isa = PBXGroup;
			children = (
				9ED3B5D825E3A2A5004F1365 /* DeclaringViewsApp.swift */,
				9ED3B5DA25E3A2A5004F1365 /* ContentView.swift */,
				9ED3B5E825E3B304004F1365 /* EnvironmentTestView.swift */,
				9ED3B5DC25E3A2A6004F1365 /* Assets.xcassets */,
				9ED3B5E125E3A2A6004F1365 /* Info.plist */,
				9ED3B5DE25E3A2A6004F1365 /* Preview Content */,
			);
			path = DeclaringViews;
			sourceTree = "<group>";
		};
		9ED3B5DE25E3A2A6004F1365 /* Preview Content */ = {
			isa = PBXGroup;
			children = (
				9ED3B5DF25E3A2A6004F1365 /* Preview Assets.xcassets */,
			);
			path = "Preview Content";
			sourceTree = "<group>";
		};
/* End PBXGroup section */

/* Begin PBXNativeTarget section */
		9ED3B5D425E3A2A4004F1365 /* DeclaringViews */ = {
			isa = PBXNativeTarget;
			buildConfigurationList = 9ED3B5E425E3A2A6004F1365 /* Build configuration list for PBXNativeTarget "DeclaringViews" */;
			buildPhases = (
				9ED3B5D125E3A2A4004F1365 /* Sources */,
				9ED3B5D225E3A2A4004F1365 /* Frameworks */,
				9ED3B5D325E3A2A4004F1365 /* Resources */,
			);
			buildRules = (
			);
			dependencies = (
			);
			name = DeclaringViews;
			productName = DeclaringViews;
			productReference = 9ED3B5D525E3A2A5004F1365 /* DeclaringViews.app */;
			productType = "com.apple.product-type.application";
		};
/* End PBXNativeTarget section */

/* Begin PBXProject section */
		9ED3B5CD25E3A2A4004F1365 /* Project object */ = {
			isa = PBXProject;
			attributes = {
				LastSwiftUpdateCheck = 1210;
				LastUpgradeCheck = 1210;
				TargetAttributes = {
					9ED3B5D425E3A2A4004F1365 = {
						CreatedOnToolsVersion = 12.1;
					};
				};
			};
			buildConfigurationList = 9ED3B5D025E3A2A4004F1365 /* Build configuration list for PBXProject "DeclaringViews" */;
			compatibilityVersion = "Xcode 9.3";
			developmentRegion = en;
			hasScannedForEncodings = 0;
			knownRegions = (
				en,
				Base,
			);
			mainGroup = 9ED3B5CC25E3A2A4004F1365;
			productRefGroup = 9ED3B5D625E3A2A5004F1365 /* Products */;
			projectDirPath = "";
			projectRoot = "";
			targets = (
				9ED3B5D425E3A2A4004F1365 /* DeclaringViews */,
			);
		};
/* End PBXProject section */

/* Begin PBXResourcesBuildPhase section */
		9ED3B5D325E3A2A4004F1365 /* Resources */ = {
			isa = PBXResourcesBuildPhase;
			buildActionMask = 2147483647;
			files = (
				9ED3B5E025E3A2A6004F1365 /* Preview Assets.xcassets in Resources */,
				9ED3B5DD25E3A2A6004F1365 /* Assets.xcassets in Resources */,
			);
			runOnlyForDeploymentPostprocessing = 0;
		};
/* End PBXResourcesBuildPhase section */

/* Begin PBXSourcesBuildPhase section */
		9ED3B5D125E3A2A4004F1365 /* Sources */ = {
			isa = PBXSourcesBuildPhase;
			buildActionMask = 2147483647;
			files = (
				9ED3B5E925E3B304004F1365 /* EnvironmentTestView.swift in Sources */,
				9ED3B5DB25E3A2A5004F1365 /* ContentView.swift in Sources */,
				9ED3B5D925E3A2A5004F1365 /* DeclaringViewsApp.swift in Sources */,
			);
			runOnlyForDeploymentPostprocessing = 0;
		};
/* End PBXSourcesBuildPhase section */

/* Begin XCBuildConfiguration section */
		9ED3B5E225E3A2A6004F1365 /* Debug */ = {
			isa = XCBuildConfiguration;
			buildSettings = {
				ALWAYS_SEARCH_USER_PATHS = NO;
				CLANG_ANALYZER_NONNULL = YES;
				CLANG_ANALYZER_NUMBER_OBJECT_CONVERSION = YES_AGGRESSIVE;
				CLANG_CXX_LANGUAGE_STANDARD = "gnu++14";
				CLANG_CXX_LIBRARY = "libc++";
				CLANG_ENABLE_MODULES = YES;
				CLANG_ENABLE_OBJC_ARC = YES;
				CLANG_ENABLE_OBJC_WEAK = YES;
				CLANG_WARN_BLOCK_CAPTURE_AUTORELEASING = YES;
				CLANG_WARN_BOOL_CONVERSION = YES;
				CLANG_WARN_COMMA = YES;
				CLANG_WARN_CONSTANT_CONVERSION = YES;
				CLANG_WARN_DEPRECATED_OBJC_IMPLEMENTATIONS = YES;
				CLANG_WARN_DIRECT_OBJC_ISA_USAGE = YES_ERROR;
				CLANG_WARN_DOCUMENTATION_COMMENTS = YES;
				CLANG_WARN_EMPTY_BODY = YES;
				CLANG_WARN_ENUM_CONVERSION = YES;
				CLANG_WARN_INFINITE_RECURSION = YES;
				CLANG_WARN_INT_CONVERSION = YES;
				CLANG_WARN_NON_LITERAL_NULL_CONVERSION = YES;
				CLANG_WARN_OBJC_IMPLICIT_RETAIN_SELF = YES;
				CLANG_WARN_OBJC_LITERAL_CONVERSION = YES;
				CLANG_WARN_OBJC_ROOT_CLASS = YES_ERROR;
				CLANG_WARN_QUOTED_INCLUDE_IN_FRAMEWORK_HEADER = YES;
				CLANG_WARN_RANGE_LOOP_ANALYSIS = YES;
				CLANG_WARN_STRICT_PROTOTYPES = YES;
				CLANG_WARN_SUSPICIOUS_MOVE = YES;
				CLANG_WARN_UNGUARDED_AVAILABILITY = YES_AGGRESSIVE;
				CLANG_WARN_UNREACHABLE_CODE = YES;
				CLANG_WARN__DUPLICATE_METHOD_MATCH = YES;
				COPY_PHASE_STRIP = NO;
				DEBUG_INFORMATION_FORMAT = dwarf;
				ENABLE_STRICT_OBJC_MSGSEND = YES;
				ENABLE_TESTABILITY = YES;
				GCC_C_LANGUAGE_STANDARD = gnu11;
				GCC_DYNAMIC_NO_PIC = NO;
				GCC_NO_COMMON_BLOCKS = YES;
				GCC_OPTIMIZATION_LEVEL = 0;
				GCC_PREPROCESSOR_DEFINITIONS = (
					"DEBUG=1",
					"$(inherited)",
				);
				GCC_WARN_64_TO_32_BIT_CONVERSION = YES;
				GCC_WARN_ABOUT_RETURN_TYPE = YES_ERROR;
				GCC_WARN_UNDECLARED_SELECTOR = YES;
				GCC_WARN_UNINITIALIZED_AUTOS = YES_AGGRESSIVE;
				GCC_WARN_UNUSED_FUNCTION = YES;
				GCC_WARN_UNUSED_VARIABLE = YES;
				IPHONEOS_DEPLOYMENT_TARGET = 14.1;
				MTL_ENABLE_DEBUG_INFO = INCLUDE_SOURCE;
				MTL_FAST_MATH = YES;
				ONLY_ACTIVE_ARCH = YES;
				SDKROOT = iphoneos;
				SWIFT_ACTIVE_COMPILATION_CONDITIONS = DEBUG;
				SWIFT_OPTIMIZATION_LEVEL = "-Onone";
			};
			name = Debug;
		};
		9ED3B5E325E3A2A6004F1365 /* Release */ = {
			isa = XCBuildConfiguration;
			buildSettings = {
				ALWAYS_SEARCH_USER_PATHS = NO;
				CLANG_ANALYZER_NONNULL = YES;
				CLANG_ANALYZER_NUMBER_OBJECT_CONVERSION = YES_AGGRESSIVE;
				CLANG_CXX_LANGUAGE_STANDARD = "gnu++14";
				CLANG_CXX_LIBRARY = "libc++";
				CLANG_ENABLE_MODULES = YES;
				CLANG_ENABLE_OBJC_ARC = YES;
				CLANG_ENABLE_OBJC_WEAK = YES;
				CLANG_WARN_BLOCK_CAPTURE_AUTORELEASING = YES;
				CLANG_WARN_BOOL_CONVERSION = YES;
				CLANG_WARN_COMMA = YES;
				CLANG_WARN_CONSTANT_CONVERSION = YES;
				CLANG_WARN_DEPRECATED_OBJC_IMPLEMENTATIONS = YES;
				CLANG_WARN_DIRECT_OBJC_ISA_USAGE = YES_ERROR;
				CLANG_WARN_DOCUMENTATION_COMMENTS = YES;
				CLANG_WARN_EMPTY_BODY = YES;
				CLANG_WARN_ENUM_CONVERSION = YES;
				CLANG_WARN_INFINITE_RECURSION = YES;
				CLANG_WARN_INT_CONVERSION = YES;
				CLANG_WARN_NON_LITERAL_NULL_CONVERSION = YES;
				CLANG_WARN_OBJC_IMPLICIT_RETAIN_SELF = YES;
				CLANG_WARN_OBJC_LITERAL_CONVERSION = YES;
				CLANG_WARN_OBJC_ROOT_CLASS = YES_ERROR;
				CLANG_WARN_QUOTED_INCLUDE_IN_FRAMEWORK_HEADER = YES;
				CLANG_WARN_RANGE_LOOP_ANALYSIS = YES;
				CLANG_WARN_STRICT_PROTOTYPES = YES;
				CLANG_WARN_SUSPICIOUS_MOVE = YES;
				CLANG_WARN_UNGUARDED_AVAILABILITY = YES_AGGRESSIVE;
				CLANG_WARN_UNREACHABLE_CODE = YES;
				CLANG_WARN__DUPLICATE_METHOD_MATCH = YES;
				COPY_PHASE_STRIP = NO;
				DEBUG_INFORMATION_FORMAT = "dwarf-with-dsym";
				ENABLE_NS_ASSERTIONS = NO;
				ENABLE_STRICT_OBJC_MSGSEND = YES;
				GCC_C_LANGUAGE_STANDARD = gnu11;
				GCC_NO_COMMON_BLOCKS = YES;
				GCC_WARN_64_TO_32_BIT_CONVERSION = YES;
				GCC_WARN_ABOUT_RETURN_TYPE = YES_ERROR;
				GCC_WARN_UNDECLARED_SELECTOR = YES;
				GCC_WARN_UNINITIALIZED_AUTOS = YES_AGGRESSIVE;
				GCC_WARN_UNUSED_FUNCTION = YES;
				GCC_WARN_UNUSED_VARIABLE = YES;
				IPHONEOS_DEPLOYMENT_TARGET = 14.1;
				MTL_ENABLE_DEBUG_INFO = NO;
				MTL_FAST_MATH = YES;
				SDKROOT = iphoneos;
				SWIFT_COMPILATION_MODE = wholemodule;
				SWIFT_OPTIMIZATION_LEVEL = "-O";
				VALIDATE_PRODUCT = YES;
			};
			name = Release;
		};
		9ED3B5E525E3A2A6004F1365 /* Debug */ = {
			isa = XCBuildConfiguration;
			buildSettings = {
				ASSETCATALOG_COMPILER_APPICON_NAME = AppIcon;
				ASSETCATALOG_COMPILER_GLOBAL_ACCENT_COLOR_NAME = AccentColor;
				CODE_SIGN_STYLE = Automatic;
				DEVELOPMENT_ASSET_PATHS = "\"DeclaringViews/Preview Content\"";
				DEVELOPMENT_TEAM = QG598U658S;
				ENABLE_PREVIEWS = YES;
				INFOPLIST_FILE = DeclaringViews/Info.plist;
				IPHONEOS_DEPLOYMENT_TARGET = 14.0;
				LD_RUNPATH_SEARCH_PATHS = (
					"$(inherited)",
					"@executable_path/Frameworks",
				);
				PRODUCT_BUNDLE_IDENTIFIER = com.fx.DeclaringViews;
				PRODUCT_NAME = "$(TARGET_NAME)";
				SWIFT_VERSION = 5.0;
				TARGETED_DEVICE_FAMILY = "1,2";
			};
			name = Debug;
		};
		9ED3B5E625E3A2A6004F1365 /* Release */ = {
			isa = XCBuildConfiguration;
			buildSettings = {
				ASSETCATALOG_COMPILER_APPICON_NAME = AppIcon;
				ASSETCATALOG_COMPILER_GLOBAL_ACCENT_COLOR_NAME = AccentColor;
				CODE_SIGN_STYLE = Automatic;
				DEVELOPMENT_ASSET_PATHS = "\"DeclaringViews/Preview Content\"";
				DEVELOPMENT_TEAM = QG598U658S;
				ENABLE_PREVIEWS = YES;
				INFOPLIST_FILE = DeclaringViews/Info.plist;
				IPHONEOS_DEPLOYMENT_TARGET = 14.0;
				LD_RUNPATH_SEARCH_PATHS = (
					"$(inherited)",
					"@executable_path/Frameworks",
				);
				PRODUCT_BUNDLE_IDENTIFIER = com.fx.DeclaringViews;
				PRODUCT_NAME = "$(TARGET_NAME)";
				SWIFT_VERSION = 5.0;
				TARGETED_DEVICE_FAMILY = "1,2";
			};
			name = Release;
		};
/* End XCBuildConfiguration section */

/* Begin XCConfigurationList section */
		9ED3B5D025E3A2A4004F1365 /* Build configuration list for PBXProject "DeclaringViews" */ = {
			isa = XCConfigurationList;
			buildConfigurations = (
				9ED3B5E225E3A2A6004F1365 /* Debug */,
				9ED3B5E325E3A2A6004F1365 /* Release */,
			);
			defaultConfigurationIsVisible = 0;
			defaultConfigurationName = Release;
		};
		9ED3B5E425E3A2A6004F1365 /* Build configuration list for PBXNativeTarget "DeclaringViews" */ = {
			isa = XCConfigurationList;
			buildConfigurations = (
				9ED3B5E525E3A2A6004F1365 /* Debug */,
				9ED3B5E625E3A2A6004F1365 /* Release */,
			);
			defaultConfigurationIsVisible = 0;
			defaultConfigurationName = Release;
		};
/* End XCConfigurationList section */
	};
	rootObject = 9ED3B5CD25E3A2A4004F1365 /* Project object */;
}
