// !$*UTF8*$!
{
	archiveVersion = 1;
	classes = {
	};
	objectVersion = 55;
	objects = {

/* Begin PBXBuildFile section */
		9E5E445D27143609001ABA26 /* SwitchingGridLayoutDemo2.swift in Sources */ = {isa = PBXBuildFile; fileRef = 9E5E445C27143609001ABA26 /* SwitchingGridLayoutDemo2.swift */; };
		9E6738B1270E91A9001C2EFD /* SwitchingGridLayoutDemo.swift in Sources */ = {isa = PBXBuildFile; fileRef = 9E6738B0270E91A9001C2EFD /* SwitchingGridLayoutDemo.swift */; };
		9E6738B3270E91DD001C2EFD /* PhotoItem.swift in Sources */ = {isa = PBXBuildFile; fileRef = 9E6738B2270E91DD001C2EFD /* PhotoItem.swift */; };
		9E878455270AB79000254D52 /* SectionInGridDemoView.swift in Sources */ = {isa = PBXBuildFile; fileRef = 9E878454270AB79000254D52 /* SectionInGridDemoView.swift */; };
		9E878457270AB93100254D52 /* Color.Ext.swift in Sources */ = {isa = PBXBuildFile; fileRef = 9E878456270AB93100254D52 /* Color.Ext.swift */; };
		9E878459270AF3D700254D52 /* CustomHeaderInGridView.swift in Sources */ = {isa = PBXBuildFile; fileRef = 9E878458270AF3D700254D52 /* CustomHeaderInGridView.swift */; };
		9E87845B270AF9FE00254D52 /* SectionInHGridView.swift in Sources */ = {isa = PBXBuildFile; fileRef = 9E87845A270AF9FE00254D52 /* SectionInHGridView.swift */; };
		9EAF8E632715387800FBE71C /* MultipleGridsDemo2.swift in Sources */ = {isa = PBXBuildFile; fileRef = 9EAF8E622715387800FBE71C /* MultipleGridsDemo2.swift */; };
		9ED929E52711832000C12F75 /* MultipleGridsDemo.swift in Sources */ = {isa = PBXBuildFile; fileRef = 9ED929E42711832000C12F75 /* MultipleGridsDemo.swift */; };
		9ED929E72711838400C12F75 /* MenuItem.swift in Sources */ = {isa = PBXBuildFile; fileRef = 9ED929E62711838400C12F75 /* MenuItem.swift */; };
		9EDD02BC2702C3AC009B399B /* GridLayoutApp.swift in Sources */ = {isa = PBXBuildFile; fileRef = 9EDD02BB2702C3AC009B399B /* GridLayoutApp.swift */; };
		9EDD02BE2702C3AC009B399B /* ContentView.swift in Sources */ = {isa = PBXBuildFile; fileRef = 9EDD02BD2702C3AC009B399B /* ContentView.swift */; };
		9EDD02C02702C3B6009B399B /* Assets.xcassets in Resources */ = {isa = PBXBuildFile; fileRef = 9EDD02BF2702C3B6009B399B /* Assets.xcassets */; };
		9EDD02C32702C3B6009B399B /* Preview Assets.xcassets in Resources */ = {isa = PBXBuildFile; fileRef = 9EDD02C22702C3B6009B399B /* Preview Assets.xcassets */; };
		9EDD02CE2702C46A009B399B /* DemoCollectionView.swift in Sources */ = {isa = PBXBuildFile; fileRef = 9EDD02CD2702C46A009B399B /* DemoCollectionView.swift */; };
		9EDD02D02702CA75009B399B /* Demo01GridLayout.swift in Sources */ = {isa = PBXBuildFile; fileRef = 9EDD02CF2702CA75009B399B /* Demo01GridLayout.swift */; };
		9EDD02D22703022B009B399B /* Demo02GridLayout.swift in Sources */ = {isa = PBXBuildFile; fileRef = 9EDD02D12703022B009B399B /* Demo02GridLayout.swift */; };
		9EDD02D5270472C0009B399B /* FlexibleGridDemo.swift in Sources */ = {isa = PBXBuildFile; fileRef = 9EDD02D4270472C0009B399B /* FlexibleGridDemo.swift */; };
		9EFC32892706B85800288B83 /* FixedGridDemo.swift in Sources */ = {isa = PBXBuildFile; fileRef = 9EFC32882706B85800288B83 /* FixedGridDemo.swift */; };
		9EFC328B2706BD5D00288B83 /* AdaptiveGridDemo.swift in Sources */ = {isa = PBXBuildFile; fileRef = 9EFC328A2706BD5D00288B83 /* AdaptiveGridDemo.swift */; };
		9EFC328D2706BFDA00288B83 /* MixingGridDemo.swift in Sources */ = {isa = PBXBuildFile; fileRef = 9EFC328C2706BFDA00288B83 /* MixingGridDemo.swift */; };
/* End PBXBuildFile section */

/* Begin PBXFileReference section */
		9E5E445C27143609001ABA26 /* SwitchingGridLayoutDemo2.swift */ = {isa = PBXFileReference; lastKnownFileType = sourcecode.swift; path = SwitchingGridLayoutDemo2.swift; sourceTree = "<group>"; };
		9E6738B0270E91A9001C2EFD /* SwitchingGridLayoutDemo.swift */ = {isa = PBXFileReference; lastKnownFileType = sourcecode.swift; path = SwitchingGridLayoutDemo.swift; sourceTree = "<group>"; };
		9E6738B2270E91DD001C2EFD /* PhotoItem.swift */ = {isa = PBXFileReference; lastKnownFileType = sourcecode.swift; path = PhotoItem.swift; sourceTree = "<group>"; };
		9E878454270AB79000254D52 /* SectionInGridDemoView.swift */ = {isa = PBXFileReference; lastKnownFileType = sourcecode.swift; path = SectionInGridDemoView.swift; sourceTree = "<group>"; };
		9E878456270AB93100254D52 /* Color.Ext.swift */ = {isa = PBXFileReference; lastKnownFileType = sourcecode.swift; path = Color.Ext.swift; sourceTree = "<group>"; };
		9E878458270AF3D700254D52 /* CustomHeaderInGridView.swift */ = {isa = PBXFileReference; lastKnownFileType = sourcecode.swift; path = CustomHeaderInGridView.swift; sourceTree = "<group>"; };
		9E87845A270AF9FE00254D52 /* SectionInHGridView.swift */ = {isa = PBXFileReference; lastKnownFileType = sourcecode.swift; path = SectionInHGridView.swift; sourceTree = "<group>"; };
		9EAF8E622715387800FBE71C /* MultipleGridsDemo2.swift */ = {isa = PBXFileReference; lastKnownFileType = sourcecode.swift; path = MultipleGridsDemo2.swift; sourceTree = "<group>"; };
		9ED929E42711832000C12F75 /* MultipleGridsDemo.swift */ = {isa = PBXFileReference; lastKnownFileType = sourcecode.swift; path = MultipleGridsDemo.swift; sourceTree = "<group>"; };
		9ED929E62711838400C12F75 /* MenuItem.swift */ = {isa = PBXFileReference; lastKnownFileType = sourcecode.swift; path = MenuItem.swift; sourceTree = "<group>"; };
		9EDD02B82702C3AC009B399B /* GridLayout.app */ = {isa = PBXFileReference; explicitFileType = wrapper.application; includeInIndex = 0; path = GridLayout.app; sourceTree = BUILT_PRODUCTS_DIR; };
		9EDD02BB2702C3AC009B399B /* GridLayoutApp.swift */ = {isa = PBXFileReference; lastKnownFileType = sourcecode.swift; path = GridLayoutApp.swift; sourceTree = "<group>"; };
		9EDD02BD2702C3AC009B399B /* ContentView.swift */ = {isa = PBXFileReference; lastKnownFileType = sourcecode.swift; path = ContentView.swift; sourceTree = "<group>"; };
		9EDD02BF2702C3B6009B399B /* Assets.xcassets */ = {isa = PBXFileReference; lastKnownFileType = folder.assetcatalog; path = Assets.xcassets; sourceTree = "<group>"; };
		9EDD02C22702C3B6009B399B /* Preview Assets.xcassets */ = {isa = PBXFileReference; lastKnownFileType = folder.assetcatalog; path = "Preview Assets.xcassets"; sourceTree = "<group>"; };
		9EDD02CD2702C46A009B399B /* DemoCollectionView.swift */ = {isa = PBXFileReference; lastKnownFileType = sourcecode.swift; path = DemoCollectionView.swift; sourceTree = "<group>"; };
		9EDD02CF2702CA75009B399B /* Demo01GridLayout.swift */ = {isa = PBXFileReference; lastKnownFileType = sourcecode.swift; path = Demo01GridLayout.swift; sourceTree = "<group>"; };
		9EDD02D12703022B009B399B /* Demo02GridLayout.swift */ = {isa = PBXFileReference; lastKnownFileType = sourcecode.swift; path = Demo02GridLayout.swift; sourceTree = "<group>"; };
		9EDD02D4270472C0009B399B /* FlexibleGridDemo.swift */ = {isa = PBXFileReference; lastKnownFileType = sourcecode.swift; path = FlexibleGridDemo.swift; sourceTree = "<group>"; };
		9EFC32882706B85800288B83 /* FixedGridDemo.swift */ = {isa = PBXFileReference; lastKnownFileType = sourcecode.swift; path = FixedGridDemo.swift; sourceTree = "<group>"; };
		9EFC328A2706BD5D00288B83 /* AdaptiveGridDemo.swift */ = {isa = PBXFileReference; lastKnownFileType = sourcecode.swift; path = AdaptiveGridDemo.swift; sourceTree = "<group>"; };
		9EFC328C2706BFDA00288B83 /* MixingGridDemo.swift */ = {isa = PBXFileReference; lastKnownFileType = sourcecode.swift; path = MixingGridDemo.swift; sourceTree = "<group>"; };
/* End PBXFileReference section */

/* Begin PBXFrameworksBuildPhase section */
		9EDD02B52702C3AC009B399B /* Frameworks */ = {
			isa = PBXFrameworksBuildPhase;
			buildActionMask = 2147483647;
			files = (
			);
			runOnlyForDeploymentPostprocessing = 0;
		};
/* End PBXFrameworksBuildPhase section */

/* Begin PBXGroup section */
		9E6738B4270EA39F001C2EFD /* 04_SwitchingLayout */ = {
			isa = PBXGroup;
			children = (
				9E6738B0270E91A9001C2EFD /* SwitchingGridLayoutDemo.swift */,
				9E5E445C27143609001ABA26 /* SwitchingGridLayoutDemo2.swift */,
			);
			path = 04_SwitchingLayout;
			sourceTree = "<group>";
		};
		9E878453270AB76D00254D52 /* 03_Sections */ = {
			isa = PBXGroup;
			children = (
				9E878454270AB79000254D52 /* SectionInGridDemoView.swift */,
				9E878458270AF3D700254D52 /* CustomHeaderInGridView.swift */,
				9E87845A270AF9FE00254D52 /* SectionInHGridView.swift */,
			);
			path = 03_Sections;
			sourceTree = "<group>";
		};
		9ED929E3271182F900C12F75 /* 05_MultipleGrids */ = {
			isa = PBXGroup;
			children = (
				9ED929E42711832000C12F75 /* MultipleGridsDemo.swift */,
				9EAF8E622715387800FBE71C /* MultipleGridsDemo2.swift */,
			);
			path = 05_MultipleGrids;
			sourceTree = "<group>";
		};
		9EDD02AF2702C3AC009B399B = {
			isa = PBXGroup;
			children = (
				9EDD02BA2702C3AC009B399B /* GridLayout */,
				9EDD02B92702C3AC009B399B /* Products */,
			);
			sourceTree = "<group>";
		};
		9EDD02B92702C3AC009B399B /* Products */ = {
			isa = PBXGroup;
			children = (
				9EDD02B82702C3AC009B399B /* GridLayout.app */,
			);
			name = Products;
			sourceTree = "<group>";
		};
		9EDD02BA2702C3AC009B399B /* GridLayout */ = {
			isa = PBXGroup;
			children = (
				9EDD02CB2702C410009B399B /* App */,
				9EDD02CA2702C408009B399B /* Views */,
				9EDD02C92702C3FF009B399B /* Models */,
				9EDD02BF2702C3B6009B399B /* Assets.xcassets */,
				9EDD02C12702C3B6009B399B /* Preview Content */,
			);
			path = GridLayout;
			sourceTree = "<group>";
		};
		9EDD02C12702C3B6009B399B /* Preview Content */ = {
			isa = PBXGroup;
			children = (
				9EDD02C22702C3B6009B399B /* Preview Assets.xcassets */,
			);
			path = "Preview Content";
			sourceTree = "<group>";
		};
		9EDD02C92702C3FF009B399B /* Models */ = {
			isa = PBXGroup;
			children = (
				9E878456270AB93100254D52 /* Color.Ext.swift */,
				9E6738B2270E91DD001C2EFD /* PhotoItem.swift */,
				9ED929E62711838400C12F75 /* MenuItem.swift */,
			);
			path = Models;
			sourceTree = "<group>";
		};
		9EDD02CA2702C408009B399B /* Views */ = {
			isa = PBXGroup;
			children = (
				9ED929E3271182F900C12F75 /* 05_MultipleGrids */,
				9E6738B4270EA39F001C2EFD /* 04_SwitchingLayout */,
				9E878453270AB76D00254D52 /* 03_Sections */,
				9EDD02D3270472A3009B399B /* 02_GridItem */,
				9EDD02CC2702C43B009B399B /* 01_BasicGridLayout */,
				9EDD02BD2702C3AC009B399B /* ContentView.swift */,
			);
			path = Views;
			sourceTree = "<group>";
		};
		9EDD02CB2702C410009B399B /* App */ = {
			isa = PBXGroup;
			children = (
				9EDD02BB2702C3AC009B399B /* GridLayoutApp.swift */,
			);
			path = App;
			sourceTree = "<group>";
		};
		9EDD02CC2702C43B009B399B /* 01_BasicGridLayout */ = {
			isa = PBXGroup;
			children = (
				9EDD02CD2702C46A009B399B /* DemoCollectionView.swift */,
				9EDD02CF2702CA75009B399B /* Demo01GridLayout.swift */,
				9EDD02D12703022B009B399B /* Demo02GridLayout.swift */,
			);
			path = 01_BasicGridLayout;
			sourceTree = "<group>";
		};
		9EDD02D3270472A3009B399B /* 02_GridItem */ = {
			isa = PBXGroup;
			children = (
				9EDD02D4270472C0009B399B /* FlexibleGridDemo.swift */,
				9EFC32882706B85800288B83 /* FixedGridDemo.swift */,
				9EFC328A2706BD5D00288B83 /* AdaptiveGridDemo.swift */,
				9EFC328C2706BFDA00288B83 /* MixingGridDemo.swift */,
			);
			path = 02_GridItem;
			sourceTree = "<group>";
		};
/* End PBXGroup section */

/* Begin PBXNativeTarget section */
		9EDD02B72702C3AC009B399B /* GridLayout */ = {
			isa = PBXNativeTarget;
			buildConfigurationList = 9EDD02C62702C3B6009B399B /* Build configuration list for PBXNativeTarget "GridLayout" */;
			buildPhases = (
				9EDD02B42702C3AC009B399B /* Sources */,
				9EDD02B52702C3AC009B399B /* Frameworks */,
				9EDD02B62702C3AC009B399B /* Resources */,
			);
			buildRules = (
			);
			dependencies = (
			);
			name = GridLayout;
			productName = GridLayout;
			productReference = 9EDD02B82702C3AC009B399B /* GridLayout.app */;
			productType = "com.apple.product-type.application";
		};
/* End PBXNativeTarget section */

/* Begin PBXProject section */
		9EDD02B02702C3AC009B399B /* Project object */ = {
			isa = PBXProject;
			attributes = {
				BuildIndependentTargetsInParallel = 1;
				LastSwiftUpdateCheck = 1300;
				LastUpgradeCheck = 1300;
				TargetAttributes = {
					9EDD02B72702C3AC009B399B = {
						CreatedOnToolsVersion = 13.0;
					};
				};
			};
			buildConfigurationList = 9EDD02B32702C3AC009B399B /* Build configuration list for PBXProject "GridLayout" */;
			compatibilityVersion = "Xcode 13.0";
			developmentRegion = en;
			hasScannedForEncodings = 0;
			knownRegions = (
				en,
				Base,
			);
			mainGroup = 9EDD02AF2702C3AC009B399B;
			productRefGroup = 9EDD02B92702C3AC009B399B /* Products */;
			projectDirPath = "";
			projectRoot = "";
			targets = (
				9EDD02B72702C3AC009B399B /* GridLayout */,
			);
		};
/* End PBXProject section */

/* Begin PBXResourcesBuildPhase section */
		9EDD02B62702C3AC009B399B /* Resources */ = {
			isa = PBXResourcesBuildPhase;
			buildActionMask = 2147483647;
			files = (
				9EDD02C32702C3B6009B399B /* Preview Assets.xcassets in Resources */,
				9EDD02C02702C3B6009B399B /* Assets.xcassets in Resources */,
			);
			runOnlyForDeploymentPostprocessing = 0;
		};
/* End PBXResourcesBuildPhase section */

/* Begin PBXSourcesBuildPhase section */
		9EDD02B42702C3AC009B399B /* Sources */ = {
			isa = PBXSourcesBuildPhase;
			buildActionMask = 2147483647;
			files = (
				9ED929E72711838400C12F75 /* MenuItem.swift in Sources */,
				9EFC32892706B85800288B83 /* FixedGridDemo.swift in Sources */,
				9EDD02CE2702C46A009B399B /* DemoCollectionView.swift in Sources */,
				9EAF8E632715387800FBE71C /* MultipleGridsDemo2.swift in Sources */,
				9EFC328B2706BD5D00288B83 /* AdaptiveGridDemo.swift in Sources */,
				9EDD02D5270472C0009B399B /* FlexibleGridDemo.swift in Sources */,
				9EDD02BE2702C3AC009B399B /* ContentView.swift in Sources */,
				9EFC328D2706BFDA00288B83 /* MixingGridDemo.swift in Sources */,
				9E878457270AB93100254D52 /* Color.Ext.swift in Sources */,
				9E87845B270AF9FE00254D52 /* SectionInHGridView.swift in Sources */,
				9EDD02D22703022B009B399B /* Demo02GridLayout.swift in Sources */,
				9E6738B1270E91A9001C2EFD /* SwitchingGridLayoutDemo.swift in Sources */,
				9EDD02BC2702C3AC009B399B /* GridLayoutApp.swift in Sources */,
				9E5E445D27143609001ABA26 /* SwitchingGridLayoutDemo2.swift in Sources */,
				9E6738B3270E91DD001C2EFD /* PhotoItem.swift in Sources */,
				9ED929E52711832000C12F75 /* MultipleGridsDemo.swift in Sources */,
				9E878455270AB79000254D52 /* SectionInGridDemoView.swift in Sources */,
				9EDD02D02702CA75009B399B /* Demo01GridLayout.swift in Sources */,
				9E878459270AF3D700254D52 /* CustomHeaderInGridView.swift in Sources */,
			);
			runOnlyForDeploymentPostprocessing = 0;
		};
/* End PBXSourcesBuildPhase section */

/* Begin XCBuildConfiguration section */
		9EDD02C42702C3B6009B399B /* Debug */ = {
			isa = XCBuildConfiguration;
			buildSettings = {
				ALWAYS_SEARCH_USER_PATHS = NO;
				CLANG_ANALYZER_NONNULL = YES;
				CLANG_ANALYZER_NUMBER_OBJECT_CONVERSION = YES_AGGRESSIVE;
				CLANG_CXX_LANGUAGE_STANDARD = "gnu++17";
				CLANG_CXX_LIBRARY = "libc++";
				CLANG_ENABLE_MODULES = YES;
				CLANG_ENABLE_OBJC_ARC = YES;
				CLANG_ENABLE_OBJC_WEAK = YES;
				CLANG_WARN_BLOCK_CAPTURE_AUTORELEASING = YES;
				CLANG_WARN_BOOL_CONVERSION = YES;
				CLANG_WARN_COMMA = YES;
				CLANG_WARN_CONSTANT_CONVERSION = YES;
				CLANG_WARN_DEPRECATED_OBJC_IMPLEMENTATIONS = YES;
				CLANG_WARN_DIRECT_OBJC_ISA_USAGE = YES_ERROR;
				CLANG_WARN_DOCUMENTATION_COMMENTS = YES;
				CLANG_WARN_EMPTY_BODY = YES;
				CLANG_WARN_ENUM_CONVERSION = YES;
				CLANG_WARN_INFINITE_RECURSION = YES;
				CLANG_WARN_INT_CONVERSION = YES;
				CLANG_WARN_NON_LITERAL_NULL_CONVERSION = YES;
				CLANG_WARN_OBJC_IMPLICIT_RETAIN_SELF = YES;
				CLANG_WARN_OBJC_LITERAL_CONVERSION = YES;
				CLANG_WARN_OBJC_ROOT_CLASS = YES_ERROR;
				CLANG_WARN_QUOTED_INCLUDE_IN_FRAMEWORK_HEADER = YES;
				CLANG_WARN_RANGE_LOOP_ANALYSIS = YES;
				CLANG_WARN_STRICT_PROTOTYPES = YES;
				CLANG_WARN_SUSPICIOUS_MOVE = YES;
				CLANG_WARN_UNGUARDED_AVAILABILITY = YES_AGGRESSIVE;
				CLANG_WARN_UNREACHABLE_CODE = YES;
				CLANG_WARN__DUPLICATE_METHOD_MATCH = YES;
				COPY_PHASE_STRIP = NO;
				DEBUG_INFORMATION_FORMAT = dwarf;
				ENABLE_STRICT_OBJC_MSGSEND = YES;
				ENABLE_TESTABILITY = YES;
				GCC_C_LANGUAGE_STANDARD = gnu11;
				GCC_DYNAMIC_NO_PIC = NO;
				GCC_NO_COMMON_BLOCKS = YES;
				GCC_OPTIMIZATION_LEVEL = 0;
				GCC_PREPROCESSOR_DEFINITIONS = (
					"DEBUG=1",
					"$(inherited)",
				);
				GCC_WARN_64_TO_32_BIT_CONVERSION = YES;
				GCC_WARN_ABOUT_RETURN_TYPE = YES_ERROR;
				GCC_WARN_UNDECLARED_SELECTOR = YES;
				GCC_WARN_UNINITIALIZED_AUTOS = YES_AGGRESSIVE;
				GCC_WARN_UNUSED_FUNCTION = YES;
				GCC_WARN_UNUSED_VARIABLE = YES;
				IPHONEOS_DEPLOYMENT_TARGET = 15.0;
				MTL_ENABLE_DEBUG_INFO = INCLUDE_SOURCE;
				MTL_FAST_MATH = YES;
				ONLY_ACTIVE_ARCH = YES;
				SDKROOT = iphoneos;
				SWIFT_ACTIVE_COMPILATION_CONDITIONS = DEBUG;
				SWIFT_OPTIMIZATION_LEVEL = "-Onone";
			};
			name = Debug;
		};
		9EDD02C52702C3B6009B399B /* Release */ = {
			isa = XCBuildConfiguration;
			buildSettings = {
				ALWAYS_SEARCH_USER_PATHS = NO;
				CLANG_ANALYZER_NONNULL = YES;
				CLANG_ANALYZER_NUMBER_OBJECT_CONVERSION = YES_AGGRESSIVE;
				CLANG_CXX_LANGUAGE_STANDARD = "gnu++17";
				CLANG_CXX_LIBRARY = "libc++";
				CLANG_ENABLE_MODULES = YES;
				CLANG_ENABLE_OBJC_ARC = YES;
				CLANG_ENABLE_OBJC_WEAK = YES;
				CLANG_WARN_BLOCK_CAPTURE_AUTORELEASING = YES;
				CLANG_WARN_BOOL_CONVERSION = YES;
				CLANG_WARN_COMMA = YES;
				CLANG_WARN_CONSTANT_CONVERSION = YES;
				CLANG_WARN_DEPRECATED_OBJC_IMPLEMENTATIONS = YES;
				CLANG_WARN_DIRECT_OBJC_ISA_USAGE = YES_ERROR;
				CLANG_WARN_DOCUMENTATION_COMMENTS = YES;
				CLANG_WARN_EMPTY_BODY = YES;
				CLANG_WARN_ENUM_CONVERSION = YES;
				CLANG_WARN_INFINITE_RECURSION = YES;
				CLANG_WARN_INT_CONVERSION = YES;
				CLANG_WARN_NON_LITERAL_NULL_CONVERSION = YES;
				CLANG_WARN_OBJC_IMPLICIT_RETAIN_SELF = YES;
				CLANG_WARN_OBJC_LITERAL_CONVERSION = YES;
				CLANG_WARN_OBJC_ROOT_CLASS = YES_ERROR;
				CLANG_WARN_QUOTED_INCLUDE_IN_FRAMEWORK_HEADER = YES;
				CLANG_WARN_RANGE_LOOP_ANALYSIS = YES;
				CLANG_WARN_STRICT_PROTOTYPES = YES;
				CLANG_WARN_SUSPICIOUS_MOVE = YES;
				CLANG_WARN_UNGUARDED_AVAILABILITY = YES_AGGRESSIVE;
				CLANG_WARN_UNREACHABLE_CODE = YES;
				CLANG_WARN__DUPLICATE_METHOD_MATCH = YES;
				COPY_PHASE_STRIP = NO;
				DEBUG_INFORMATION_FORMAT = "dwarf-with-dsym";
				ENABLE_NS_ASSERTIONS = NO;
				ENABLE_STRICT_OBJC_MSGSEND = YES;
				GCC_C_LANGUAGE_STANDARD = gnu11;
				GCC_NO_COMMON_BLOCKS = YES;
				GCC_WARN_64_TO_32_BIT_CONVERSION = YES;
				GCC_WARN_ABOUT_RETURN_TYPE = YES_ERROR;
				GCC_WARN_UNDECLARED_SELECTOR = YES;
				GCC_WARN_UNINITIALIZED_AUTOS = YES_AGGRESSIVE;
				GCC_WARN_UNUSED_FUNCTION = YES;
				GCC_WARN_UNUSED_VARIABLE = YES;
				IPHONEOS_DEPLOYMENT_TARGET = 15.0;
				MTL_ENABLE_DEBUG_INFO = NO;
				MTL_FAST_MATH = YES;
				SDKROOT = iphoneos;
				SWIFT_COMPILATION_MODE = wholemodule;
				SWIFT_OPTIMIZATION_LEVEL = "-O";
				VALIDATE_PRODUCT = YES;
			};
			name = Release;
		};
		9EDD02C72702C3B6009B399B /* Debug */ = {
			isa = XCBuildConfiguration;
			buildSettings = {
				ASSETCATALOG_COMPILER_APPICON_NAME = AppIcon;
				ASSETCATALOG_COMPILER_GLOBAL_ACCENT_COLOR_NAME = AccentColor;
				CODE_SIGN_STYLE = Automatic;
				CURRENT_PROJECT_VERSION = 1;
				DEVELOPMENT_ASSET_PATHS = "\"GridLayout/Preview Content\"";
				DEVELOPMENT_TEAM = QG598U658S;
				ENABLE_PREVIEWS = YES;
				GENERATE_INFOPLIST_FILE = YES;
				INFOPLIST_KEY_UIApplicationSceneManifest_Generation = YES;
				INFOPLIST_KEY_UIApplicationSupportsIndirectInputEvents = YES;
				INFOPLIST_KEY_UILaunchScreen_Generation = YES;
				INFOPLIST_KEY_UISupportedInterfaceOrientations_iPad = "UIInterfaceOrientationPortrait UIInterfaceOrientationPortraitUpsideDown UIInterfaceOrientationLandscapeLeft UIInterfaceOrientationLandscapeRight";
				INFOPLIST_KEY_UISupportedInterfaceOrientations_iPhone = "UIInterfaceOrientationPortrait UIInterfaceOrientationLandscapeLeft UIInterfaceOrientationLandscapeRight";
				IPHONEOS_DEPLOYMENT_TARGET = 15.0;
				LD_RUNPATH_SEARCH_PATHS = (
					"$(inherited)",
					"@executable_path/Frameworks",
				);
				MARKETING_VERSION = 1.0;
				PRODUCT_BUNDLE_IDENTIFIER = com.fx.GridLayout;
				PRODUCT_NAME = "$(TARGET_NAME)";
				SWIFT_EMIT_LOC_STRINGS = YES;
				SWIFT_VERSION = 5.0;
				TARGETED_DEVICE_FAMILY = "1,2";
			};
			name = Debug;
		};
		9EDD02C82702C3B6009B399B /* Release */ = {
			isa = XCBuildConfiguration;
			buildSettings = {
				ASSETCATALOG_COMPILER_APPICON_NAME = AppIcon;
				ASSETCATALOG_COMPILER_GLOBAL_ACCENT_COLOR_NAME = AccentColor;
				CODE_SIGN_STYLE = Automatic;
				CURRENT_PROJECT_VERSION = 1;
				DEVELOPMENT_ASSET_PATHS = "\"GridLayout/Preview Content\"";
				DEVELOPMENT_TEAM = QG598U658S;
				ENABLE_PREVIEWS = YES;
				GENERATE_INFOPLIST_FILE = YES;
				INFOPLIST_KEY_UIApplicationSceneManifest_Generation = YES;
				INFOPLIST_KEY_UIApplicationSupportsIndirectInputEvents = YES;
				INFOPLIST_KEY_UILaunchScreen_Generation = YES;
				INFOPLIST_KEY_UISupportedInterfaceOrientations_iPad = "UIInterfaceOrientationPortrait UIInterfaceOrientationPortraitUpsideDown UIInterfaceOrientationLandscapeLeft UIInterfaceOrientationLandscapeRight";
				INFOPLIST_KEY_UISupportedInterfaceOrientations_iPhone = "UIInterfaceOrientationPortrait UIInterfaceOrientationLandscapeLeft UIInterfaceOrientationLandscapeRight";
				IPHONEOS_DEPLOYMENT_TARGET = 15.0;
				LD_RUNPATH_SEARCH_PATHS = (
					"$(inherited)",
					"@executable_path/Frameworks",
				);
				MARKETING_VERSION = 1.0;
				PRODUCT_BUNDLE_IDENTIFIER = com.fx.GridLayout;
				PRODUCT_NAME = "$(TARGET_NAME)";
				SWIFT_EMIT_LOC_STRINGS = YES;
				SWIFT_VERSION = 5.0;
				TARGETED_DEVICE_FAMILY = "1,2";
			};
			name = Release;
		};
/* End XCBuildConfiguration section */

/* Begin XCConfigurationList section */
		9EDD02B32702C3AC009B399B /* Build configuration list for PBXProject "GridLayout" */ = {
			isa = XCConfigurationList;
			buildConfigurations = (
				9EDD02C42702C3B6009B399B /* Debug */,
				9EDD02C52702C3B6009B399B /* Release */,
			);
			defaultConfigurationIsVisible = 0;
			defaultConfigurationName = Release;
		};
		9EDD02C62702C3B6009B399B /* Build configuration list for PBXNativeTarget "GridLayout" */ = {
			isa = XCConfigurationList;
			buildConfigurations = (
				9EDD02C72702C3B6009B399B /* Debug */,
				9EDD02C82702C3B6009B399B /* Release */,
			);
			defaultConfigurationIsVisible = 0;
			defaultConfigurationName = Release;
		};
/* End XCConfigurationList section */
	};
	rootObject = 9EDD02B02702C3AC009B399B /* Project object */;
}
