// !$*UTF8*$!
{
	archiveVersion = 1;
	classes = {
	};
	objectVersion = 50;
	objects = {

/* Begin PBXBuildFile section */
		9EE9831525E755F300A97474 /* BasicLayoutApp.swift in Sources */ = {isa = PBXBuildFile; fileRef = 9EE9831425E755F300A97474 /* BasicLayoutApp.swift */; };
		9EE9831725E755F300A97474 /* ContentView.swift in Sources */ = {isa = PBXBuildFile; fileRef = 9EE9831625E755F300A97474 /* ContentView.swift */; };
		9EE9831925E755F400A97474 /* Assets.xcassets in Resources */ = {isa = PBXBuildFile; fileRef = 9EE9831825E755F400A97474 /* Assets.xcassets */; };
		9EE9831C25E755F400A97474 /* Preview Assets.xcassets in Resources */ = {isa = PBXBuildFile; fileRef = 9EE9831B25E755F400A97474 /* Preview Assets.xcassets */; };
		9EE9832A25E7564E00A97474 /* ItemView.swift in Sources */ = {isa = PBXBuildFile; fileRef = 9EE9832625E7564E00A97474 /* ItemView.swift */; };
		9EE9832B25E7564E00A97474 /* DemoZStack.swift in Sources */ = {isa = PBXBuildFile; fileRef = 9EE9832725E7564E00A97474 /* DemoZStack.swift */; };
		9EE9832C25E7564E00A97474 /* DemoHStack.swift in Sources */ = {isa = PBXBuildFile; fileRef = 9EE9832825E7564E00A97474 /* DemoHStack.swift */; };
		9EE9832D25E7564E00A97474 /* DemoVStack.swift in Sources */ = {isa = PBXBuildFile; fileRef = 9EE9832925E7564E00A97474 /* DemoVStack.swift */; };
/* End PBXBuildFile section */

/* Begin PBXFileReference section */
		9EE9831125E755F300A97474 /* BasicLayout.app */ = {isa = PBXFileReference; explicitFileType = wrapper.application; includeInIndex = 0; path = BasicLayout.app; sourceTree = BUILT_PRODUCTS_DIR; };
		9EE9831425E755F300A97474 /* BasicLayoutApp.swift */ = {isa = PBXFileReference; lastKnownFileType = sourcecode.swift; path = BasicLayoutApp.swift; sourceTree = "<group>"; };
		9EE9831625E755F300A97474 /* ContentView.swift */ = {isa = PBXFileReference; lastKnownFileType = sourcecode.swift; path = ContentView.swift; sourceTree = "<group>"; };
		9EE9831825E755F400A97474 /* Assets.xcassets */ = {isa = PBXFileReference; lastKnownFileType = folder.assetcatalog; path = Assets.xcassets; sourceTree = "<group>"; };
		9EE9831B25E755F400A97474 /* Preview Assets.xcassets */ = {isa = PBXFileReference; lastKnownFileType = folder.assetcatalog; path = "Preview Assets.xcassets"; sourceTree = "<group>"; };
		9EE9831D25E755F400A97474 /* Info.plist */ = {isa = PBXFileReference; lastKnownFileType = text.plist.xml; path = Info.plist; sourceTree = "<group>"; };
		9EE9832625E7564E00A97474 /* ItemView.swift */ = {isa = PBXFileReference; fileEncoding = 4; lastKnownFileType = sourcecode.swift; path = ItemView.swift; sourceTree = "<group>"; };
		9EE9832725E7564E00A97474 /* DemoZStack.swift */ = {isa = PBXFileReference; fileEncoding = 4; lastKnownFileType = sourcecode.swift; path = DemoZStack.swift; sourceTree = "<group>"; };
		9EE9832825E7564E00A97474 /* DemoHStack.swift */ = {isa = PBXFileReference; fileEncoding = 4; lastKnownFileType = sourcecode.swift; path = DemoHStack.swift; sourceTree = "<group>"; };
		9EE9832925E7564E00A97474 /* DemoVStack.swift */ = {isa = PBXFileReference; fileEncoding = 4; lastKnownFileType = sourcecode.swift; path = DemoVStack.swift; sourceTree = "<group>"; };
/* End PBXFileReference section */

/* Begin PBXFrameworksBuildPhase section */
		9EE9830E25E755F300A97474 /* Frameworks */ = {
			isa = PBXFrameworksBuildPhase;
			buildActionMask = 2147483647;
			files = (
			);
			runOnlyForDeploymentPostprocessing = 0;
		};
/* End PBXFrameworksBuildPhase section */

/* Begin PBXGroup section */
		9EE9830825E755F300A97474 = {
			isa = PBXGroup;
			children = (
				9EE9831325E755F300A97474 /* BasicLayout */,
				9EE9831225E755F300A97474 /* Products */,
			);
			sourceTree = "<group>";
		};
		9EE9831225E755F300A97474 /* Products */ = {
			isa = PBXGroup;
			children = (
				9EE9831125E755F300A97474 /* BasicLayout.app */,
			);
			name = Products;
			sourceTree = "<group>";
		};
		9EE9831325E755F300A97474 /* BasicLayout */ = {
			isa = PBXGroup;
			children = (
				9EE9831425E755F300A97474 /* BasicLayoutApp.swift */,
				9EE9832525E7564E00A97474 /* Layouts */,
				9EE9831625E755F300A97474 /* ContentView.swift */,
				9EE9831825E755F400A97474 /* Assets.xcassets */,
				9EE9831D25E755F400A97474 /* Info.plist */,
				9EE9831A25E755F400A97474 /* Preview Content */,
			);
			path = BasicLayout;
			sourceTree = "<group>";
		};
		9EE9831A25E755F400A97474 /* Preview Content */ = {
			isa = PBXGroup;
			children = (
				9EE9831B25E755F400A97474 /* Preview Assets.xcassets */,
			);
			path = "Preview Content";
			sourceTree = "<group>";
		};
		9EE9832525E7564E00A97474 /* Layouts */ = {
			isa = PBXGroup;
			children = (
				9EE9832625E7564E00A97474 /* ItemView.swift */,
				9EE9832725E7564E00A97474 /* DemoZStack.swift */,
				9EE9832825E7564E00A97474 /* DemoHStack.swift */,
				9EE9832925E7564E00A97474 /* DemoVStack.swift */,
			);
			path = Layouts;
			sourceTree = "<group>";
		};
/* End PBXGroup section */

/* Begin PBXNativeTarget section */
		9EE9831025E755F300A97474 /* BasicLayout */ = {
			isa = PBXNativeTarget;
			buildConfigurationList = 9EE9832025E755F400A97474 /* Build configuration list for PBXNativeTarget "BasicLayout" */;
			buildPhases = (
				9EE9830D25E755F300A97474 /* Sources */,
				9EE9830E25E755F300A97474 /* Frameworks */,
				9EE9830F25E755F300A97474 /* Resources */,
			);
			buildRules = (
			);
			dependencies = (
			);
			name = BasicLayout;
			productName = BasicLayout;
			productReference = 9EE9831125E755F300A97474 /* BasicLayout.app */;
			productType = "com.apple.product-type.application";
		};
/* End PBXNativeTarget section */

/* Begin PBXProject section */
		9EE9830925E755F300A97474 /* Project object */ = {
			isa = PBXProject;
			attributes = {
				LastSwiftUpdateCheck = 1210;
				LastUpgradeCheck = 1210;
				TargetAttributes = {
					9EE9831025E755F300A97474 = {
						CreatedOnToolsVersion = 12.1;
					};
				};
			};
			buildConfigurationList = 9EE9830C25E755F300A97474 /* Build configuration list for PBXProject "BasicLayout" */;
			compatibilityVersion = "Xcode 9.3";
			developmentRegion = en;
			hasScannedForEncodings = 0;
			knownRegions = (
				en,
				Base,
			);
			mainGroup = 9EE9830825E755F300A97474;
			productRefGroup = 9EE9831225E755F300A97474 /* Products */;
			projectDirPath = "";
			projectRoot = "";
			targets = (
				9EE9831025E755F300A97474 /* BasicLayout */,
			);
		};
/* End PBXProject section */

/* Begin PBXResourcesBuildPhase section */
		9EE9830F25E755F300A97474 /* Resources */ = {
			isa = PBXResourcesBuildPhase;
			buildActionMask = 2147483647;
			files = (
				9EE9831C25E755F400A97474 /* Preview Assets.xcassets in Resources */,
				9EE9831925E755F400A97474 /* Assets.xcassets in Resources */,
			);
			runOnlyForDeploymentPostprocessing = 0;
		};
/* End PBXResourcesBuildPhase section */

/* Begin PBXSourcesBuildPhase section */
		9EE9830D25E755F300A97474 /* Sources */ = {
			isa = PBXSourcesBuildPhase;
			buildActionMask = 2147483647;
			files = (
				9EE9832B25E7564E00A97474 /* DemoZStack.swift in Sources */,
				9EE9831725E755F300A97474 /* ContentView.swift in Sources */,
				9EE9832A25E7564E00A97474 /* ItemView.swift in Sources */,
				9EE9832C25E7564E00A97474 /* DemoHStack.swift in Sources */,
				9EE9832D25E7564E00A97474 /* DemoVStack.swift in Sources */,
				9EE9831525E755F300A97474 /* BasicLayoutApp.swift in Sources */,
			);
			runOnlyForDeploymentPostprocessing = 0;
		};
/* End PBXSourcesBuildPhase section */

/* Begin XCBuildConfiguration section */
		9EE9831E25E755F400A97474 /* Debug */ = {
			isa = XCBuildConfiguration;
			buildSettings = {
				ALWAYS_SEARCH_USER_PATHS = NO;
				CLANG_ANALYZER_NONNULL = YES;
				CLANG_ANALYZER_NUMBER_OBJECT_CONVERSION = YES_AGGRESSIVE;
				CLANG_CXX_LANGUAGE_STANDARD = "gnu++14";
				CLANG_CXX_LIBRARY = "libc++";
				CLANG_ENABLE_MODULES = YES;
				CLANG_ENABLE_OBJC_ARC = YES;
				CLANG_ENABLE_OBJC_WEAK = YES;
				CLANG_WARN_BLOCK_CAPTURE_AUTORELEASING = YES;
				CLANG_WARN_BOOL_CONVERSION = YES;
				CLANG_WARN_COMMA = YES;
				CLANG_WARN_CONSTANT_CONVERSION = YES;
				CLANG_WARN_DEPRECATED_OBJC_IMPLEMENTATIONS = YES;
				CLANG_WARN_DIRECT_OBJC_ISA_USAGE = YES_ERROR;
				CLANG_WARN_DOCUMENTATION_COMMENTS = YES;
				CLANG_WARN_EMPTY_BODY = YES;
				CLANG_WARN_ENUM_CONVERSION = YES;
				CLANG_WARN_INFINITE_RECURSION = YES;
				CLANG_WARN_INT_CONVERSION = YES;
				CLANG_WARN_NON_LITERAL_NULL_CONVERSION = YES;
				CLANG_WARN_OBJC_IMPLICIT_RETAIN_SELF = YES;
				CLANG_WARN_OBJC_LITERAL_CONVERSION = YES;
				CLANG_WARN_OBJC_ROOT_CLASS = YES_ERROR;
				CLANG_WARN_QUOTED_INCLUDE_IN_FRAMEWORK_HEADER = YES;
				CLANG_WARN_RANGE_LOOP_ANALYSIS = YES;
				CLANG_WARN_STRICT_PROTOTYPES = YES;
				CLANG_WARN_SUSPICIOUS_MOVE = YES;
				CLANG_WARN_UNGUARDED_AVAILABILITY = YES_AGGRESSIVE;
				CLANG_WARN_UNREACHABLE_CODE = YES;
				CLANG_WARN__DUPLICATE_METHOD_MATCH = YES;
				COPY_PHASE_STRIP = NO;
				DEBUG_INFORMATION_FORMAT = dwarf;
				ENABLE_STRICT_OBJC_MSGSEND = YES;
				ENABLE_TESTABILITY = YES;
				GCC_C_LANGUAGE_STANDARD = gnu11;
				GCC_DYNAMIC_NO_PIC = NO;
				GCC_NO_COMMON_BLOCKS = YES;
				GCC_OPTIMIZATION_LEVEL = 0;
				GCC_PREPROCESSOR_DEFINITIONS = (
					"DEBUG=1",
					"$(inherited)",
				);
				GCC_WARN_64_TO_32_BIT_CONVERSION = YES;
				GCC_WARN_ABOUT_RETURN_TYPE = YES_ERROR;
				GCC_WARN_UNDECLARED_SELECTOR = YES;
				GCC_WARN_UNINITIALIZED_AUTOS = YES_AGGRESSIVE;
				GCC_WARN_UNUSED_FUNCTION = YES;
				GCC_WARN_UNUSED_VARIABLE = YES;
				IPHONEOS_DEPLOYMENT_TARGET = 14.1;
				MTL_ENABLE_DEBUG_INFO = INCLUDE_SOURCE;
				MTL_FAST_MATH = YES;
				ONLY_ACTIVE_ARCH = YES;
				SDKROOT = iphoneos;
				SWIFT_ACTIVE_COMPILATION_CONDITIONS = DEBUG;
				SWIFT_OPTIMIZATION_LEVEL = "-Onone";
			};
			name = Debug;
		};
		9EE9831F25E755F400A97474 /* Release */ = {
			isa = XCBuildConfiguration;
			buildSettings = {
				ALWAYS_SEARCH_USER_PATHS = NO;
				CLANG_ANALYZER_NONNULL = YES;
				CLANG_ANALYZER_NUMBER_OBJECT_CONVERSION = YES_AGGRESSIVE;
				CLANG_CXX_LANGUAGE_STANDARD = "gnu++14";
				CLANG_CXX_LIBRARY = "libc++";
				CLANG_ENABLE_MODULES = YES;
				CLANG_ENABLE_OBJC_ARC = YES;
				CLANG_ENABLE_OBJC_WEAK = YES;
				CLANG_WARN_BLOCK_CAPTURE_AUTORELEASING = YES;
				CLANG_WARN_BOOL_CONVERSION = YES;
				CLANG_WARN_COMMA = YES;
				CLANG_WARN_CONSTANT_CONVERSION = YES;
				CLANG_WARN_DEPRECATED_OBJC_IMPLEMENTATIONS = YES;
				CLANG_WARN_DIRECT_OBJC_ISA_USAGE = YES_ERROR;
				CLANG_WARN_DOCUMENTATION_COMMENTS = YES;
				CLANG_WARN_EMPTY_BODY = YES;
				CLANG_WARN_ENUM_CONVERSION = YES;
				CLANG_WARN_INFINITE_RECURSION = YES;
				CLANG_WARN_INT_CONVERSION = YES;
				CLANG_WARN_NON_LITERAL_NULL_CONVERSION = YES;
				CLANG_WARN_OBJC_IMPLICIT_RETAIN_SELF = YES;
				CLANG_WARN_OBJC_LITERAL_CONVERSION = YES;
				CLANG_WARN_OBJC_ROOT_CLASS = YES_ERROR;
				CLANG_WARN_QUOTED_INCLUDE_IN_FRAMEWORK_HEADER = YES;
				CLANG_WARN_RANGE_LOOP_ANALYSIS = YES;
				CLANG_WARN_STRICT_PROTOTYPES = YES;
				CLANG_WARN_SUSPICIOUS_MOVE = YES;
				CLANG_WARN_UNGUARDED_AVAILABILITY = YES_AGGRESSIVE;
				CLANG_WARN_UNREACHABLE_CODE = YES;
				CLANG_WARN__DUPLICATE_METHOD_MATCH = YES;
				COPY_PHASE_STRIP = NO;
				DEBUG_INFORMATION_FORMAT = "dwarf-with-dsym";
				ENABLE_NS_ASSERTIONS = NO;
				ENABLE_STRICT_OBJC_MSGSEND = YES;
				GCC_C_LANGUAGE_STANDARD = gnu11;
				GCC_NO_COMMON_BLOCKS = YES;
				GCC_WARN_64_TO_32_BIT_CONVERSION = YES;
				GCC_WARN_ABOUT_RETURN_TYPE = YES_ERROR;
				GCC_WARN_UNDECLARED_SELECTOR = YES;
				GCC_WARN_UNINITIALIZED_AUTOS = YES_AGGRESSIVE;
				GCC_WARN_UNUSED_FUNCTION = YES;
				GCC_WARN_UNUSED_VARIABLE = YES;
				IPHONEOS_DEPLOYMENT_TARGET = 14.1;
				MTL_ENABLE_DEBUG_INFO = NO;
				MTL_FAST_MATH = YES;
				SDKROOT = iphoneos;
				SWIFT_COMPILATION_MODE = wholemodule;
				SWIFT_OPTIMIZATION_LEVEL = "-O";
				VALIDATE_PRODUCT = YES;
			};
			name = Release;
		};
		9EE9832125E755F400A97474 /* Debug */ = {
			isa = XCBuildConfiguration;
			buildSettings = {
				ASSETCATALOG_COMPILER_APPICON_NAME = AppIcon;
				ASSETCATALOG_COMPILER_GLOBAL_ACCENT_COLOR_NAME = AccentColor;
				CODE_SIGN_STYLE = Automatic;
				DEVELOPMENT_ASSET_PATHS = "\"BasicLayout/Preview Content\"";
				DEVELOPMENT_TEAM = QG598U658S;
				ENABLE_PREVIEWS = YES;
				INFOPLIST_FILE = BasicLayout/Info.plist;
				IPHONEOS_DEPLOYMENT_TARGET = 14.0;
				LD_RUNPATH_SEARCH_PATHS = (
					"$(inherited)",
					"@executable_path/Frameworks",
				);
				PRODUCT_BUNDLE_IDENTIFIER = com.fx.BasicLayout;
				PRODUCT_NAME = "$(TARGET_NAME)";
				SWIFT_VERSION = 5.0;
				TARGETED_DEVICE_FAMILY = "1,2";
			};
			name = Debug;
		};
		9EE9832225E755F400A97474 /* Release */ = {
			isa = XCBuildConfiguration;
			buildSettings = {
				ASSETCATALOG_COMPILER_APPICON_NAME = AppIcon;
				ASSETCATALOG_COMPILER_GLOBAL_ACCENT_COLOR_NAME = AccentColor;
				CODE_SIGN_STYLE = Automatic;
				DEVELOPMENT_ASSET_PATHS = "\"BasicLayout/Preview Content\"";
				DEVELOPMENT_TEAM = QG598U658S;
				ENABLE_PREVIEWS = YES;
				INFOPLIST_FILE = BasicLayout/Info.plist;
				IPHONEOS_DEPLOYMENT_TARGET = 14.0;
				LD_RUNPATH_SEARCH_PATHS = (
					"$(inherited)",
					"@executable_path/Frameworks",
				);
				PRODUCT_BUNDLE_IDENTIFIER = com.fx.BasicLayout;
				PRODUCT_NAME = "$(TARGET_NAME)";
				SWIFT_VERSION = 5.0;
				TARGETED_DEVICE_FAMILY = "1,2";
			};
			name = Release;
		};
/* End XCBuildConfiguration section */

/* Begin XCConfigurationList section */
		9EE9830C25E755F300A97474 /* Build configuration list for PBXProject "BasicLayout" */ = {
			isa = XCConfigurationList;
			buildConfigurations = (
				9EE9831E25E755F400A97474 /* Debug */,
				9EE9831F25E755F400A97474 /* Release */,
			);
			defaultConfigurationIsVisible = 0;
			defaultConfigurationName = Release;
		};
		9EE9832025E755F400A97474 /* Build configuration list for PBXNativeTarget "BasicLayout" */ = {
			isa = XCConfigurationList;
			buildConfigurations = (
				9EE9832125E755F400A97474 /* Debug */,
				9EE9832225E755F400A97474 /* Release */,
			);
			defaultConfigurationIsVisible = 0;
			defaultConfigurationName = Release;
		};
/* End XCConfigurationList section */
	};
	rootObject = 9EE9830925E755F300A97474 /* Project object */;
}
