// !$*UTF8*$!
{
	archiveVersion = 1;
	classes = {
	};
	objectVersion = 50;
	objects = {

/* Begin PBXBuildFile section */
		9E0B8E3626BA3410003631F0 /* WorkingWithListApp.swift in Sources */ = {isa = PBXBuildFile; fileRef = 9E0B8E3526BA3410003631F0 /* WorkingWithListApp.swift */; };
		9E0B8E3826BA3410003631F0 /* ContentView.swift in Sources */ = {isa = PBXBuildFile; fileRef = 9E0B8E3726BA3410003631F0 /* ContentView.swift */; };
		9E0B8E3A26BA3411003631F0 /* Assets.xcassets in Resources */ = {isa = PBXBuildFile; fileRef = 9E0B8E3926BA3411003631F0 /* Assets.xcassets */; };
		9E0B8E3D26BA3411003631F0 /* Preview Assets.xcassets in Resources */ = {isa = PBXBuildFile; fileRef = 9E0B8E3C26BA3411003631F0 /* Preview Assets.xcassets */; };
		9E0B8E4B26BA35EE003631F0 /* SimpleListView.swift in Sources */ = {isa = PBXBuildFile; fileRef = 9E0B8E4A26BA35EE003631F0 /* SimpleListView.swift */; };
		9E0B8E4D26BA4302003631F0 /* LoopItemsView.swift in Sources */ = {isa = PBXBuildFile; fileRef = 9E0B8E4C26BA4302003631F0 /* LoopItemsView.swift */; };
		9E0B8E4F26BA45F4003631F0 /* UserCell.swift in Sources */ = {isa = PBXBuildFile; fileRef = 9E0B8E4E26BA45F4003631F0 /* UserCell.swift */; };
		9E0B8E5126BA4B79003631F0 /* ForEachDemoView.swift in Sources */ = {isa = PBXBuildFile; fileRef = 9E0B8E5026BA4B79003631F0 /* ForEachDemoView.swift */; };
		9E2A489326D09B8D00D008C2 /* DidSelectedCellDemoView.swift in Sources */ = {isa = PBXBuildFile; fileRef = 9E2A489226D09B8D00D008C2 /* DidSelectedCellDemoView.swift */; };
		9E2A489526D0AE7500D008C2 /* BasicActionsForRowInListDemoView.swift in Sources */ = {isa = PBXBuildFile; fileRef = 9E2A489426D0AE7500D008C2 /* BasicActionsForRowInListDemoView.swift */; };
		9E2A489726D0B07300D008C2 /* SelectionCell.swift in Sources */ = {isa = PBXBuildFile; fileRef = 9E2A489626D0B07300D008C2 /* SelectionCell.swift */; };
		9E5F6CAC26BBCBE8004D1340 /* DynamicListView.swift in Sources */ = {isa = PBXBuildFile; fileRef = 9E5F6CAB26BBCBE8004D1340 /* DynamicListView.swift */; };
		9E815D4926BE81B2000145AF /* SectionListView.swift in Sources */ = {isa = PBXBuildFile; fileRef = 9E815D4826BE81B2000145AF /* SectionListView.swift */; };
		9E942C8126D0FBD10078669D /* MultiSelectionWithEditButtonDemoView.swift in Sources */ = {isa = PBXBuildFile; fileRef = 9E942C8026D0FBD10078669D /* MultiSelectionWithEditButtonDemoView.swift */; };
		9E942C8326D1072B0078669D /* MultiSelectionWithEditModeDemoView.swift in Sources */ = {isa = PBXBuildFile; fileRef = 9E942C8226D1072B0078669D /* MultiSelectionWithEditModeDemoView.swift */; };
		9E942C8526D10CE10078669D /* Pet.swift in Sources */ = {isa = PBXBuildFile; fileRef = 9E942C8426D10CE10078669D /* Pet.swift */; };
		9E942C8726D10D580078669D /* MultiSelectionWithObjectDemoView.swift in Sources */ = {isa = PBXBuildFile; fileRef = 9E942C8626D10D580078669D /* MultiSelectionWithObjectDemoView.swift */; };
		9E942C8926D10F690078669D /* SelectionManager.swift in Sources */ = {isa = PBXBuildFile; fileRef = 9E942C8826D10F690078669D /* SelectionManager.swift */; };
		9E942C8B26D141780078669D /* MultiSelectionWithSelectionManagerDemoView.swift in Sources */ = {isa = PBXBuildFile; fileRef = 9E942C8A26D141780078669D /* MultiSelectionWithSelectionManagerDemoView.swift */; };
		9E942C8E26D142DB0078669D /* MultiSelectRow.swift in Sources */ = {isa = PBXBuildFile; fileRef = 9E942C8D26D142DB0078669D /* MultiSelectRow.swift */; };
		9E942C9026D1435E0078669D /* MultiSelectionWithCustomRowDemoView.swift in Sources */ = {isa = PBXBuildFile; fileRef = 9E942C8F26D1435E0078669D /* MultiSelectionWithCustomRowDemoView.swift */; };
		9E942C9226D1480F0078669D /* SuperMultiSelectRow.swift in Sources */ = {isa = PBXBuildFile; fileRef = 9E942C9126D1480F0078669D /* SuperMultiSelectRow.swift */; };
		9E942C9426D148670078669D /* MultiSelectionWithSwitchModeSelectionDemoView.swift in Sources */ = {isa = PBXBuildFile; fileRef = 9E942C9326D148670078669D /* MultiSelectionWithSwitchModeSelectionDemoView.swift */; };
		9EAF5FA526BCB74700919A0E /* Weather.swift in Sources */ = {isa = PBXBuildFile; fileRef = 9EAF5FA426BCB74700919A0E /* Weather.swift */; };
		9EAF5FA726BCB86E00919A0E /* WeatherRow.swift in Sources */ = {isa = PBXBuildFile; fileRef = 9EAF5FA626BCB86E00919A0E /* WeatherRow.swift */; };
		9EAF5FA926BCB97200919A0E /* WeatherList.swift in Sources */ = {isa = PBXBuildFile; fileRef = 9EAF5FA826BCB97200919A0E /* WeatherList.swift */; };
		9EAF5FAB26BCCF7D00919A0E /* WeatherDetail.swift in Sources */ = {isa = PBXBuildFile; fileRef = 9EAF5FAA26BCCF7D00919A0E /* WeatherDetail.swift */; };
		9EAF5FAE26BCD31E00919A0E /* CircleImage.swift in Sources */ = {isa = PBXBuildFile; fileRef = 9EAF5FAD26BCD31E00919A0E /* CircleImage.swift */; };
		9EB119F226C0C9A8002D6FDD /* ExpandableListView.swift in Sources */ = {isa = PBXBuildFile; fileRef = 9EB119F126C0C9A8002D6FDD /* ExpandableListView.swift */; };
		9EB119F426C0C9BE002D6FDD /* MenuItem.swift in Sources */ = {isa = PBXBuildFile; fileRef = 9EB119F326C0C9BE002D6FDD /* MenuItem.swift */; };
		9EB119F626C0D38B002D6FDD /* ExpandableListView2.swift in Sources */ = {isa = PBXBuildFile; fileRef = 9EB119F526C0D38B002D6FDD /* ExpandableListView2.swift */; };
		9EB119F826C0D5A9002D6FDD /* FAQItem.swift in Sources */ = {isa = PBXBuildFile; fileRef = 9EB119F726C0D5A9002D6FDD /* FAQItem.swift */; };
		9EB119FA26C0D783002D6FDD /* FAQView.swift in Sources */ = {isa = PBXBuildFile; fileRef = 9EB119F926C0D783002D6FDD /* FAQView.swift */; };
/* End PBXBuildFile section */

/* Begin PBXFileReference section */
		9E0B8E3226BA3410003631F0 /* WorkingWithList.app */ = {isa = PBXFileReference; explicitFileType = wrapper.application; includeInIndex = 0; path = WorkingWithList.app; sourceTree = BUILT_PRODUCTS_DIR; };
		9E0B8E3526BA3410003631F0 /* WorkingWithListApp.swift */ = {isa = PBXFileReference; lastKnownFileType = sourcecode.swift; path = WorkingWithListApp.swift; sourceTree = "<group>"; };
		9E0B8E3726BA3410003631F0 /* ContentView.swift */ = {isa = PBXFileReference; lastKnownFileType = sourcecode.swift; path = ContentView.swift; sourceTree = "<group>"; };
		9E0B8E3926BA3411003631F0 /* Assets.xcassets */ = {isa = PBXFileReference; lastKnownFileType = folder.assetcatalog; path = Assets.xcassets; sourceTree = "<group>"; };
		9E0B8E3C26BA3411003631F0 /* Preview Assets.xcassets */ = {isa = PBXFileReference; lastKnownFileType = folder.assetcatalog; path = "Preview Assets.xcassets"; sourceTree = "<group>"; };
		9E0B8E3E26BA3411003631F0 /* Info.plist */ = {isa = PBXFileReference; lastKnownFileType = text.plist.xml; path = Info.plist; sourceTree = "<group>"; };
		9E0B8E4A26BA35EE003631F0 /* SimpleListView.swift */ = {isa = PBXFileReference; lastKnownFileType = sourcecode.swift; path = SimpleListView.swift; sourceTree = "<group>"; };
		9E0B8E4C26BA4302003631F0 /* LoopItemsView.swift */ = {isa = PBXFileReference; lastKnownFileType = sourcecode.swift; path = LoopItemsView.swift; sourceTree = "<group>"; };
		9E0B8E4E26BA45F4003631F0 /* UserCell.swift */ = {isa = PBXFileReference; lastKnownFileType = sourcecode.swift; path = UserCell.swift; sourceTree = "<group>"; };
		9E0B8E5026BA4B79003631F0 /* ForEachDemoView.swift */ = {isa = PBXFileReference; lastKnownFileType = sourcecode.swift; path = ForEachDemoView.swift; sourceTree = "<group>"; };
		9E2A489226D09B8D00D008C2 /* DidSelectedCellDemoView.swift */ = {isa = PBXFileReference; lastKnownFileType = sourcecode.swift; path = DidSelectedCellDemoView.swift; sourceTree = "<group>"; };
		9E2A489426D0AE7500D008C2 /* BasicActionsForRowInListDemoView.swift */ = {isa = PBXFileReference; lastKnownFileType = sourcecode.swift; path = BasicActionsForRowInListDemoView.swift; sourceTree = "<group>"; };
		9E2A489626D0B07300D008C2 /* SelectionCell.swift */ = {isa = PBXFileReference; lastKnownFileType = sourcecode.swift; path = SelectionCell.swift; sourceTree = "<group>"; };
		9E5F6CAB26BBCBE8004D1340 /* DynamicListView.swift */ = {isa = PBXFileReference; lastKnownFileType = sourcecode.swift; path = DynamicListView.swift; sourceTree = "<group>"; };
		9E815D4826BE81B2000145AF /* SectionListView.swift */ = {isa = PBXFileReference; lastKnownFileType = sourcecode.swift; path = SectionListView.swift; sourceTree = "<group>"; };
		9E942C8026D0FBD10078669D /* MultiSelectionWithEditButtonDemoView.swift */ = {isa = PBXFileReference; lastKnownFileType = sourcecode.swift; path = MultiSelectionWithEditButtonDemoView.swift; sourceTree = "<group>"; };
		9E942C8226D1072B0078669D /* MultiSelectionWithEditModeDemoView.swift */ = {isa = PBXFileReference; lastKnownFileType = sourcecode.swift; path = MultiSelectionWithEditModeDemoView.swift; sourceTree = "<group>"; };
		9E942C8426D10CE10078669D /* Pet.swift */ = {isa = PBXFileReference; lastKnownFileType = sourcecode.swift; path = Pet.swift; sourceTree = "<group>"; };
		9E942C8626D10D580078669D /* MultiSelectionWithObjectDemoView.swift */ = {isa = PBXFileReference; lastKnownFileType = sourcecode.swift; path = MultiSelectionWithObjectDemoView.swift; sourceTree = "<group>"; };
		9E942C8826D10F690078669D /* SelectionManager.swift */ = {isa = PBXFileReference; lastKnownFileType = sourcecode.swift; path = SelectionManager.swift; sourceTree = "<group>"; };
		9E942C8A26D141780078669D /* MultiSelectionWithSelectionManagerDemoView.swift */ = {isa = PBXFileReference; lastKnownFileType = sourcecode.swift; path = MultiSelectionWithSelectionManagerDemoView.swift; sourceTree = "<group>"; };
		9E942C8D26D142DB0078669D /* MultiSelectRow.swift */ = {isa = PBXFileReference; lastKnownFileType = sourcecode.swift; path = MultiSelectRow.swift; sourceTree = "<group>"; };
		9E942C8F26D1435E0078669D /* MultiSelectionWithCustomRowDemoView.swift */ = {isa = PBXFileReference; lastKnownFileType = sourcecode.swift; path = MultiSelectionWithCustomRowDemoView.swift; sourceTree = "<group>"; };
		9E942C9126D1480F0078669D /* SuperMultiSelectRow.swift */ = {isa = PBXFileReference; lastKnownFileType = sourcecode.swift; path = SuperMultiSelectRow.swift; sourceTree = "<group>"; };
		9E942C9326D148670078669D /* MultiSelectionWithSwitchModeSelectionDemoView.swift */ = {isa = PBXFileReference; lastKnownFileType = sourcecode.swift; path = MultiSelectionWithSwitchModeSelectionDemoView.swift; sourceTree = "<group>"; };
		9EAF5FA426BCB74700919A0E /* Weather.swift */ = {isa = PBXFileReference; lastKnownFileType = sourcecode.swift; path = Weather.swift; sourceTree = "<group>"; };
		9EAF5FA626BCB86E00919A0E /* WeatherRow.swift */ = {isa = PBXFileReference; lastKnownFileType = sourcecode.swift; path = WeatherRow.swift; sourceTree = "<group>"; };
		9EAF5FA826BCB97200919A0E /* WeatherList.swift */ = {isa = PBXFileReference; lastKnownFileType = sourcecode.swift; path = WeatherList.swift; sourceTree = "<group>"; };
		9EAF5FAA26BCCF7D00919A0E /* WeatherDetail.swift */ = {isa = PBXFileReference; lastKnownFileType = sourcecode.swift; path = WeatherDetail.swift; sourceTree = "<group>"; };
		9EAF5FAD26BCD31E00919A0E /* CircleImage.swift */ = {isa = PBXFileReference; lastKnownFileType = sourcecode.swift; path = CircleImage.swift; sourceTree = "<group>"; };
		9EB119F126C0C9A8002D6FDD /* ExpandableListView.swift */ = {isa = PBXFileReference; lastKnownFileType = sourcecode.swift; path = ExpandableListView.swift; sourceTree = "<group>"; };
		9EB119F326C0C9BE002D6FDD /* MenuItem.swift */ = {isa = PBXFileReference; lastKnownFileType = sourcecode.swift; path = MenuItem.swift; sourceTree = "<group>"; };
		9EB119F526C0D38B002D6FDD /* ExpandableListView2.swift */ = {isa = PBXFileReference; lastKnownFileType = sourcecode.swift; path = ExpandableListView2.swift; sourceTree = "<group>"; };
		9EB119F726C0D5A9002D6FDD /* FAQItem.swift */ = {isa = PBXFileReference; lastKnownFileType = sourcecode.swift; path = FAQItem.swift; sourceTree = "<group>"; };
		9EB119F926C0D783002D6FDD /* FAQView.swift */ = {isa = PBXFileReference; lastKnownFileType = sourcecode.swift; path = FAQView.swift; sourceTree = "<group>"; };
/* End PBXFileReference section */

/* Begin PBXFrameworksBuildPhase section */
		9E0B8E2F26BA3410003631F0 /* Frameworks */ = {
			isa = PBXFrameworksBuildPhase;
			buildActionMask = 2147483647;
			files = (
			);
			runOnlyForDeploymentPostprocessing = 0;
		};
/* End PBXFrameworksBuildPhase section */

/* Begin PBXGroup section */
		9E0B8E2926BA3410003631F0 = {
			isa = PBXGroup;
			children = (
				9E0B8E3426BA3410003631F0 /* WorkingWithList */,
				9E0B8E3326BA3410003631F0 /* Products */,
			);
			sourceTree = "<group>";
		};
		9E0B8E3326BA3410003631F0 /* Products */ = {
			isa = PBXGroup;
			children = (
				9E0B8E3226BA3410003631F0 /* WorkingWithList.app */,
			);
			name = Products;
			sourceTree = "<group>";
		};
		9E0B8E3426BA3410003631F0 /* WorkingWithList */ = {
			isa = PBXGroup;
			children = (
				9E0B8E4426BA3434003631F0 /* App */,
				9E0B8E4526BA343F003631F0 /* Views */,
				9E0B8E4726BA347A003631F0 /* Entities */,
				9E0B8E4626BA3456003631F0 /* Models */,
				9E0B8E4826BA3486003631F0 /* Resources */,
				9E0B8E3E26BA3411003631F0 /* Info.plist */,
				9E0B8E3B26BA3411003631F0 /* Preview Content */,
			);
			path = WorkingWithList;
			sourceTree = "<group>";
		};
		9E0B8E3B26BA3411003631F0 /* Preview Content */ = {
			isa = PBXGroup;
			children = (
				9E0B8E3C26BA3411003631F0 /* Preview Assets.xcassets */,
			);
			path = "Preview Content";
			sourceTree = "<group>";
		};
		9E0B8E4426BA3434003631F0 /* App */ = {
			isa = PBXGroup;
			children = (
				9E0B8E3526BA3410003631F0 /* WorkingWithListApp.swift */,
			);
			path = App;
			sourceTree = "<group>";
		};
		9E0B8E4526BA343F003631F0 /* Views */ = {
			isa = PBXGroup;
			children = (
				9E942C7F26D0FA2E0078669D /* 06_MultiSelection */,
				9E2A489126D09B6500D008C2 /* 05_EditingMode */,
				9EB119F026C0C987002D6FDD /* 04_ExpandableList */,
				9E815D4726BE8169000145AF /* 03_SectionGrouped */,
				9E5F6CAA26BBCB0A004D1340 /* 02_DynamicList */,
				9E0B8E4926BA3594003631F0 /* 01_SimpleList */,
				9E0B8E3726BA3410003631F0 /* ContentView.swift */,
			);
			path = Views;
			sourceTree = "<group>";
		};
		9E0B8E4626BA3456003631F0 /* Models */ = {
			isa = PBXGroup;
			children = (
				9E942C8826D10F690078669D /* SelectionManager.swift */,
			);
			path = Models;
			sourceTree = "<group>";
		};
		9E0B8E4726BA347A003631F0 /* Entities */ = {
			isa = PBXGroup;
			children = (
				9EAF5FA426BCB74700919A0E /* Weather.swift */,
				9EB119F326C0C9BE002D6FDD /* MenuItem.swift */,
				9EB119F726C0D5A9002D6FDD /* FAQItem.swift */,
				9E942C8426D10CE10078669D /* Pet.swift */,
			);
			path = Entities;
			sourceTree = "<group>";
		};
		9E0B8E4826BA3486003631F0 /* Resources */ = {
			isa = PBXGroup;
			children = (
				9E0B8E3926BA3411003631F0 /* Assets.xcassets */,
			);
			path = Resources;
			sourceTree = "<group>";
		};
		9E0B8E4926BA3594003631F0 /* 01_SimpleList */ = {
			isa = PBXGroup;
			children = (
				9E0B8E4A26BA35EE003631F0 /* SimpleListView.swift */,
				9E0B8E4C26BA4302003631F0 /* LoopItemsView.swift */,
				9E0B8E4E26BA45F4003631F0 /* UserCell.swift */,
				9E0B8E5026BA4B79003631F0 /* ForEachDemoView.swift */,
				9EAF5FAC26BCD30800919A0E /* Customs */,
			);
			path = 01_SimpleList;
			sourceTree = "<group>";
		};
		9E2A489126D09B6500D008C2 /* 05_EditingMode */ = {
			isa = PBXGroup;
			children = (
				9E2A489226D09B8D00D008C2 /* DidSelectedCellDemoView.swift */,
				9E2A489626D0B07300D008C2 /* SelectionCell.swift */,
				9E2A489426D0AE7500D008C2 /* BasicActionsForRowInListDemoView.swift */,
			);
			path = 05_EditingMode;
			sourceTree = "<group>";
		};
		9E5F6CAA26BBCB0A004D1340 /* 02_DynamicList */ = {
			isa = PBXGroup;
			children = (
				9E5F6CAB26BBCBE8004D1340 /* DynamicListView.swift */,
				9EAF5FA626BCB86E00919A0E /* WeatherRow.swift */,
				9EAF5FA826BCB97200919A0E /* WeatherList.swift */,
				9EAF5FAA26BCCF7D00919A0E /* WeatherDetail.swift */,
			);
			path = 02_DynamicList;
			sourceTree = "<group>";
		};
		9E815D4726BE8169000145AF /* 03_SectionGrouped */ = {
			isa = PBXGroup;
			children = (
				9E815D4826BE81B2000145AF /* SectionListView.swift */,
			);
			path = 03_SectionGrouped;
			sourceTree = "<group>";
		};
		9E942C7F26D0FA2E0078669D /* 06_MultiSelection */ = {
			isa = PBXGroup;
			children = (
				9E942C8C26D142CB0078669D /* Rows */,
				9E942C8026D0FBD10078669D /* MultiSelectionWithEditButtonDemoView.swift */,
				9E942C8226D1072B0078669D /* MultiSelectionWithEditModeDemoView.swift */,
				9E942C8626D10D580078669D /* MultiSelectionWithObjectDemoView.swift */,
				9E942C8A26D141780078669D /* MultiSelectionWithSelectionManagerDemoView.swift */,
				9E942C8F26D1435E0078669D /* MultiSelectionWithCustomRowDemoView.swift */,
				9E942C9326D148670078669D /* MultiSelectionWithSwitchModeSelectionDemoView.swift */,
			);
			path = 06_MultiSelection;
			sourceTree = "<group>";
		};
		9E942C8C26D142CB0078669D /* Rows */ = {
			isa = PBXGroup;
			children = (
				9E942C8D26D142DB0078669D /* MultiSelectRow.swift */,
				9E942C9126D1480F0078669D /* SuperMultiSelectRow.swift */,
			);
			path = Rows;
			sourceTree = "<group>";
		};
		9EAF5FAC26BCD30800919A0E /* Customs */ = {
			isa = PBXGroup;
			children = (
				9EAF5FAD26BCD31E00919A0E /* CircleImage.swift */,
			);
			path = Customs;
			sourceTree = "<group>";
		};
		9EB119F026C0C987002D6FDD /* 04_ExpandableList */ = {
			isa = PBXGroup;
			children = (
				9EB119F126C0C9A8002D6FDD /* ExpandableListView.swift */,
				9EB119F526C0D38B002D6FDD /* ExpandableListView2.swift */,
				9EB119F926C0D783002D6FDD /* FAQView.swift */,
			);
			path = 04_ExpandableList;
			sourceTree = "<group>";
		};
/* End PBXGroup section */

/* Begin PBXNativeTarget section */
		9E0B8E3126BA3410003631F0 /* WorkingWithList */ = {
			isa = PBXNativeTarget;
			buildConfigurationList = 9E0B8E4126BA3411003631F0 /* Build configuration list for PBXNativeTarget "WorkingWithList" */;
			buildPhases = (
				9E0B8E2E26BA3410003631F0 /* Sources */,
				9E0B8E2F26BA3410003631F0 /* Frameworks */,
				9E0B8E3026BA3410003631F0 /* Resources */,
			);
			buildRules = (
			);
			dependencies = (
			);
			name = WorkingWithList;
			productName = WorkingWithList;
			productReference = 9E0B8E3226BA3410003631F0 /* WorkingWithList.app */;
			productType = "com.apple.product-type.application";
		};
/* End PBXNativeTarget section */

/* Begin PBXProject section */
		9E0B8E2A26BA3410003631F0 /* Project object */ = {
			isa = PBXProject;
			attributes = {
				LastSwiftUpdateCheck = 1250;
				LastUpgradeCheck = 1250;
				TargetAttributes = {
					9E0B8E3126BA3410003631F0 = {
						CreatedOnToolsVersion = 12.5;
					};
				};
			};
			buildConfigurationList = 9E0B8E2D26BA3410003631F0 /* Build configuration list for PBXProject "WorkingWithList" */;
			compatibilityVersion = "Xcode 9.3";
			developmentRegion = en;
			hasScannedForEncodings = 0;
			knownRegions = (
				en,
				Base,
			);
			mainGroup = 9E0B8E2926BA3410003631F0;
			productRefGroup = 9E0B8E3326BA3410003631F0 /* Products */;
			projectDirPath = "";
			projectRoot = "";
			targets = (
				9E0B8E3126BA3410003631F0 /* WorkingWithList */,
			);
		};
/* End PBXProject section */

/* Begin PBXResourcesBuildPhase section */
		9E0B8E3026BA3410003631F0 /* Resources */ = {
			isa = PBXResourcesBuildPhase;
			buildActionMask = 2147483647;
			files = (
				9E0B8E3D26BA3411003631F0 /* Preview Assets.xcassets in Resources */,
				9E0B8E3A26BA3411003631F0 /* Assets.xcassets in Resources */,
			);
			runOnlyForDeploymentPostprocessing = 0;
		};
/* End PBXResourcesBuildPhase section */

/* Begin PBXSourcesBuildPhase section */
		9E0B8E2E26BA3410003631F0 /* Sources */ = {
			isa = PBXSourcesBuildPhase;
			buildActionMask = 2147483647;
			files = (
				9E942C9026D1435E0078669D /* MultiSelectionWithCustomRowDemoView.swift in Sources */,
				9E815D4926BE81B2000145AF /* SectionListView.swift in Sources */,
				9EB119F626C0D38B002D6FDD /* ExpandableListView2.swift in Sources */,
				9E2A489726D0B07300D008C2 /* SelectionCell.swift in Sources */,
				9E2A489326D09B8D00D008C2 /* DidSelectedCellDemoView.swift in Sources */,
				9EAF5FA526BCB74700919A0E /* Weather.swift in Sources */,
				9E0B8E3826BA3410003631F0 /* ContentView.swift in Sources */,
				9E942C8B26D141780078669D /* MultiSelectionWithSelectionManagerDemoView.swift in Sources */,
				9E0B8E4D26BA4302003631F0 /* LoopItemsView.swift in Sources */,
				9EAF5FA726BCB86E00919A0E /* WeatherRow.swift in Sources */,
				9E942C8326D1072B0078669D /* MultiSelectionWithEditModeDemoView.swift in Sources */,
				9E0B8E5126BA4B79003631F0 /* ForEachDemoView.swift in Sources */,
				9EAF5FAE26BCD31E00919A0E /* CircleImage.swift in Sources */,
				9E0B8E4B26BA35EE003631F0 /* SimpleListView.swift in Sources */,
				9E942C9226D1480F0078669D /* SuperMultiSelectRow.swift in Sources */,
				9E942C8726D10D580078669D /* MultiSelectionWithObjectDemoView.swift in Sources */,
				9E2A489526D0AE7500D008C2 /* BasicActionsForRowInListDemoView.swift in Sources */,
				9EB119F826C0D5A9002D6FDD /* FAQItem.swift in Sources */,
				9EAF5FA926BCB97200919A0E /* WeatherList.swift in Sources */,
				9EB119F426C0C9BE002D6FDD /* MenuItem.swift in Sources */,
				9E942C8E26D142DB0078669D /* MultiSelectRow.swift in Sources */,
				9E0B8E4F26BA45F4003631F0 /* UserCell.swift in Sources */,
				9EB119FA26C0D783002D6FDD /* FAQView.swift in Sources */,
				9EB119F226C0C9A8002D6FDD /* ExpandableListView.swift in Sources */,
				9E5F6CAC26BBCBE8004D1340 /* DynamicListView.swift in Sources */,
				9EAF5FAB26BCCF7D00919A0E /* WeatherDetail.swift in Sources */,
				9E942C8526D10CE10078669D /* Pet.swift in Sources */,
				9E942C8126D0FBD10078669D /* MultiSelectionWithEditButtonDemoView.swift in Sources */,
				9E942C8926D10F690078669D /* SelectionManager.swift in Sources */,
				9E0B8E3626BA3410003631F0 /* WorkingWithListApp.swift in Sources */,
				9E942C9426D148670078669D /* MultiSelectionWithSwitchModeSelectionDemoView.swift in Sources */,
			);
			runOnlyForDeploymentPostprocessing = 0;
		};
/* End PBXSourcesBuildPhase section */

/* Begin XCBuildConfiguration section */
		9E0B8E3F26BA3411003631F0 /* Debug */ = {
			isa = XCBuildConfiguration;
			buildSettings = {
				ALWAYS_SEARCH_USER_PATHS = NO;
				CLANG_ANALYZER_NONNULL = YES;
				CLANG_ANALYZER_NUMBER_OBJECT_CONVERSION = YES_AGGRESSIVE;
				CLANG_CXX_LANGUAGE_STANDARD = "gnu++14";
				CLANG_CXX_LIBRARY = "libc++";
				CLANG_ENABLE_MODULES = YES;
				CLANG_ENABLE_OBJC_ARC = YES;
				CLANG_ENABLE_OBJC_WEAK = YES;
				CLANG_WARN_BLOCK_CAPTURE_AUTORELEASING = YES;
				CLANG_WARN_BOOL_CONVERSION = YES;
				CLANG_WARN_COMMA = YES;
				CLANG_WARN_CONSTANT_CONVERSION = YES;
				CLANG_WARN_DEPRECATED_OBJC_IMPLEMENTATIONS = YES;
				CLANG_WARN_DIRECT_OBJC_ISA_USAGE = YES_ERROR;
				CLANG_WARN_DOCUMENTATION_COMMENTS = YES;
				CLANG_WARN_EMPTY_BODY = YES;
				CLANG_WARN_ENUM_CONVERSION = YES;
				CLANG_WARN_INFINITE_RECURSION = YES;
				CLANG_WARN_INT_CONVERSION = YES;
				CLANG_WARN_NON_LITERAL_NULL_CONVERSION = YES;
				CLANG_WARN_OBJC_IMPLICIT_RETAIN_SELF = YES;
				CLANG_WARN_OBJC_LITERAL_CONVERSION = YES;
				CLANG_WARN_OBJC_ROOT_CLASS = YES_ERROR;
				CLANG_WARN_QUOTED_INCLUDE_IN_FRAMEWORK_HEADER = YES;
				CLANG_WARN_RANGE_LOOP_ANALYSIS = YES;
				CLANG_WARN_STRICT_PROTOTYPES = YES;
				CLANG_WARN_SUSPICIOUS_MOVE = YES;
				CLANG_WARN_UNGUARDED_AVAILABILITY = YES_AGGRESSIVE;
				CLANG_WARN_UNREACHABLE_CODE = YES;
				CLANG_WARN__DUPLICATE_METHOD_MATCH = YES;
				COPY_PHASE_STRIP = NO;
				DEBUG_INFORMATION_FORMAT = dwarf;
				ENABLE_STRICT_OBJC_MSGSEND = YES;
				ENABLE_TESTABILITY = YES;
				GCC_C_LANGUAGE_STANDARD = gnu11;
				GCC_DYNAMIC_NO_PIC = NO;
				GCC_NO_COMMON_BLOCKS = YES;
				GCC_OPTIMIZATION_LEVEL = 0;
				GCC_PREPROCESSOR_DEFINITIONS = (
					"DEBUG=1",
					"$(inherited)",
				);
				GCC_WARN_64_TO_32_BIT_CONVERSION = YES;
				GCC_WARN_ABOUT_RETURN_TYPE = YES_ERROR;
				GCC_WARN_UNDECLARED_SELECTOR = YES;
				GCC_WARN_UNINITIALIZED_AUTOS = YES_AGGRESSIVE;
				GCC_WARN_UNUSED_FUNCTION = YES;
				GCC_WARN_UNUSED_VARIABLE = YES;
				IPHONEOS_DEPLOYMENT_TARGET = 14.5;
				MTL_ENABLE_DEBUG_INFO = INCLUDE_SOURCE;
				MTL_FAST_MATH = YES;
				ONLY_ACTIVE_ARCH = YES;
				SDKROOT = iphoneos;
				SWIFT_ACTIVE_COMPILATION_CONDITIONS = DEBUG;
				SWIFT_OPTIMIZATION_LEVEL = "-Onone";
			};
			name = Debug;
		};
		9E0B8E4026BA3411003631F0 /* Release */ = {
			isa = XCBuildConfiguration;
			buildSettings = {
				ALWAYS_SEARCH_USER_PATHS = NO;
				CLANG_ANALYZER_NONNULL = YES;
				CLANG_ANALYZER_NUMBER_OBJECT_CONVERSION = YES_AGGRESSIVE;
				CLANG_CXX_LANGUAGE_STANDARD = "gnu++14";
				CLANG_CXX_LIBRARY = "libc++";
				CLANG_ENABLE_MODULES = YES;
				CLANG_ENABLE_OBJC_ARC = YES;
				CLANG_ENABLE_OBJC_WEAK = YES;
				CLANG_WARN_BLOCK_CAPTURE_AUTORELEASING = YES;
				CLANG_WARN_BOOL_CONVERSION = YES;
				CLANG_WARN_COMMA = YES;
				CLANG_WARN_CONSTANT_CONVERSION = YES;
				CLANG_WARN_DEPRECATED_OBJC_IMPLEMENTATIONS = YES;
				CLANG_WARN_DIRECT_OBJC_ISA_USAGE = YES_ERROR;
				CLANG_WARN_DOCUMENTATION_COMMENTS = YES;
				CLANG_WARN_EMPTY_BODY = YES;
				CLANG_WARN_ENUM_CONVERSION = YES;
				CLANG_WARN_INFINITE_RECURSION = YES;
				CLANG_WARN_INT_CONVERSION = YES;
				CLANG_WARN_NON_LITERAL_NULL_CONVERSION = YES;
				CLANG_WARN_OBJC_IMPLICIT_RETAIN_SELF = YES;
				CLANG_WARN_OBJC_LITERAL_CONVERSION = YES;
				CLANG_WARN_OBJC_ROOT_CLASS = YES_ERROR;
				CLANG_WARN_QUOTED_INCLUDE_IN_FRAMEWORK_HEADER = YES;
				CLANG_WARN_RANGE_LOOP_ANALYSIS = YES;
				CLANG_WARN_STRICT_PROTOTYPES = YES;
				CLANG_WARN_SUSPICIOUS_MOVE = YES;
				CLANG_WARN_UNGUARDED_AVAILABILITY = YES_AGGRESSIVE;
				CLANG_WARN_UNREACHABLE_CODE = YES;
				CLANG_WARN__DUPLICATE_METHOD_MATCH = YES;
				COPY_PHASE_STRIP = NO;
				DEBUG_INFORMATION_FORMAT = "dwarf-with-dsym";
				ENABLE_NS_ASSERTIONS = NO;
				ENABLE_STRICT_OBJC_MSGSEND = YES;
				GCC_C_LANGUAGE_STANDARD = gnu11;
				GCC_NO_COMMON_BLOCKS = YES;
				GCC_WARN_64_TO_32_BIT_CONVERSION = YES;
				GCC_WARN_ABOUT_RETURN_TYPE = YES_ERROR;
				GCC_WARN_UNDECLARED_SELECTOR = YES;
				GCC_WARN_UNINITIALIZED_AUTOS = YES_AGGRESSIVE;
				GCC_WARN_UNUSED_FUNCTION = YES;
				GCC_WARN_UNUSED_VARIABLE = YES;
				IPHONEOS_DEPLOYMENT_TARGET = 14.5;
				MTL_ENABLE_DEBUG_INFO = NO;
				MTL_FAST_MATH = YES;
				SDKROOT = iphoneos;
				SWIFT_COMPILATION_MODE = wholemodule;
				SWIFT_OPTIMIZATION_LEVEL = "-O";
				VALIDATE_PRODUCT = YES;
			};
			name = Release;
		};
		9E0B8E4226BA3411003631F0 /* Debug */ = {
			isa = XCBuildConfiguration;
			buildSettings = {
				ASSETCATALOG_COMPILER_APPICON_NAME = AppIcon;
				ASSETCATALOG_COMPILER_GLOBAL_ACCENT_COLOR_NAME = AccentColor;
				CODE_SIGN_STYLE = Automatic;
				DEVELOPMENT_ASSET_PATHS = "\"WorkingWithList/Preview Content\"";
				DEVELOPMENT_TEAM = QG598U658S;
				ENABLE_PREVIEWS = YES;
				INFOPLIST_FILE = WorkingWithList/Info.plist;
				IPHONEOS_DEPLOYMENT_TARGET = 14.0;
				LD_RUNPATH_SEARCH_PATHS = (
					"$(inherited)",
					"@executable_path/Frameworks",
				);
				PRODUCT_BUNDLE_IDENTIFIER = com.fx.WorkingWithList;
				PRODUCT_NAME = "$(TARGET_NAME)";
				SWIFT_VERSION = 5.0;
				TARGETED_DEVICE_FAMILY = "1,2";
			};
			name = Debug;
		};
		9E0B8E4326BA3411003631F0 /* Release */ = {
			isa = XCBuildConfiguration;
			buildSettings = {
				ASSETCATALOG_COMPILER_APPICON_NAME = AppIcon;
				ASSETCATALOG_COMPILER_GLOBAL_ACCENT_COLOR_NAME = AccentColor;
				CODE_SIGN_STYLE = Automatic;
				DEVELOPMENT_ASSET_PATHS = "\"WorkingWithList/Preview Content\"";
				DEVELOPMENT_TEAM = QG598U658S;
				ENABLE_PREVIEWS = YES;
				INFOPLIST_FILE = WorkingWithList/Info.plist;
				IPHONEOS_DEPLOYMENT_TARGET = 14.0;
				LD_RUNPATH_SEARCH_PATHS = (
					"$(inherited)",
					"@executable_path/Frameworks",
				);
				PRODUCT_BUNDLE_IDENTIFIER = com.fx.WorkingWithList;
				PRODUCT_NAME = "$(TARGET_NAME)";
				SWIFT_VERSION = 5.0;
				TARGETED_DEVICE_FAMILY = "1,2";
			};
			name = Release;
		};
/* End XCBuildConfiguration section */

/* Begin XCConfigurationList section */
		9E0B8E2D26BA3410003631F0 /* Build configuration list for PBXProject "WorkingWithList" */ = {
			isa = XCConfigurationList;
			buildConfigurations = (
				9E0B8E3F26BA3411003631F0 /* Debug */,
				9E0B8E4026BA3411003631F0 /* Release */,
			);
			defaultConfigurationIsVisible = 0;
			defaultConfigurationName = Release;
		};
		9E0B8E4126BA3411003631F0 /* Build configuration list for PBXNativeTarget "WorkingWithList" */ = {
			isa = XCConfigurationList;
			buildConfigurations = (
				9E0B8E4226BA3411003631F0 /* Debug */,
				9E0B8E4326BA3411003631F0 /* Release */,
			);
			defaultConfigurationIsVisible = 0;
			defaultConfigurationName = Release;
		};
/* End XCConfigurationList section */
	};
	rootObject = 9E0B8E2A26BA3410003631F0 /* Project object */;
}
