// !$*UTF8*$!
{
	archiveVersion = 1;
	classes = {
	};
	objectVersion = 55;
	objects = {

/* Begin PBXBuildFile section */
		9E03452E26EB5FBF00A62FD4 /* NavigationLinkDemo1.swift in Sources */ = {isa = PBXBuildFile; fileRef = 9E03452D26EB5FBF00A62FD4 /* NavigationLinkDemo1.swift */; };
		9E03453026EB679E00A62FD4 /* CustomDestinationView.swift in Sources */ = {isa = PBXBuildFile; fileRef = 9E03452F26EB679E00A62FD4 /* CustomDestinationView.swift */; };
		9E03453226EB693A00A62FD4 /* NavigationLinkDemo2.swift in Sources */ = {isa = PBXBuildFile; fileRef = 9E03453126EB693A00A62FD4 /* NavigationLinkDemo2.swift */; };
		9E05E8BA26F0892F005691D2 /* Demo1TabView.swift in Sources */ = {isa = PBXBuildFile; fileRef = 9E05E8B926F0892F005691D2 /* Demo1TabView.swift */; };
		9E05E8BC26F0A148005691D2 /* TutorialView.swift in Sources */ = {isa = PBXBuildFile; fileRef = 9E05E8BB26F0A148005691D2 /* TutorialView.swift */; };
		9E05E8BE26F0A9CA005691D2 /* HomeView.swift in Sources */ = {isa = PBXBuildFile; fileRef = 9E05E8BD26F0A9CA005691D2 /* HomeView.swift */; };
		9E05E8C026F0AA13005691D2 /* MapView.swift in Sources */ = {isa = PBXBuildFile; fileRef = 9E05E8BF26F0AA13005691D2 /* MapView.swift */; };
		9E05E8C226F0AA1E005691D2 /* VideosView.swift in Sources */ = {isa = PBXBuildFile; fileRef = 9E05E8C126F0AA1E005691D2 /* VideosView.swift */; };
		9E05E8C426F0AA2F005691D2 /* ProfileView.swift in Sources */ = {isa = PBXBuildFile; fileRef = 9E05E8C326F0AA2F005691D2 /* ProfileView.swift */; };
		9E05E8C626F0AADB005691D2 /* MyTabView.swift in Sources */ = {isa = PBXBuildFile; fileRef = 9E05E8C526F0AADB005691D2 /* MyTabView.swift */; };
		9E34A90C26F39E3300FE8BC2 /* SideBarDemoView.swift in Sources */ = {isa = PBXBuildFile; fileRef = 9E34A90B26F39E3300FE8BC2 /* SideBarDemoView.swift */; };
		9E34A90E26F3AD9500FE8BC2 /* SideBarDemo2.swift in Sources */ = {isa = PBXBuildFile; fileRef = 9E34A90D26F3AD9500FE8BC2 /* SideBarDemo2.swift */; };
		9E608C3D26F1A2C800E5F0E9 /* FxTabBar.swift in Sources */ = {isa = PBXBuildFile; fileRef = 9E608C3C26F1A2C800E5F0E9 /* FxTabBar.swift */; };
		9E608C3F26F1DC1D00E5F0E9 /* FxTabItem.swift in Sources */ = {isa = PBXBuildFile; fileRef = 9E608C3E26F1DC1D00E5F0E9 /* FxTabItem.swift */; };
		9E608C4126F1E74500E5F0E9 /* TabBarRouter.swift in Sources */ = {isa = PBXBuildFile; fileRef = 9E608C4026F1E74500E5F0E9 /* TabBarRouter.swift */; };
		9E608C4326F1EED000E5F0E9 /* NewPostView.swift in Sources */ = {isa = PBXBuildFile; fileRef = 9E608C4226F1EED000E5F0E9 /* NewPostView.swift */; };
		9E6F48AE26EDF84900E131E8 /* LoginView.swift in Sources */ = {isa = PBXBuildFile; fileRef = 9E6F48AD26EDF84900E131E8 /* LoginView.swift */; };
		9E6F48B026EDF86600E131E8 /* RegisterView.swift in Sources */ = {isa = PBXBuildFile; fileRef = 9E6F48AF26EDF86600E131E8 /* RegisterView.swift */; };
		9E6F48B226EDF87B00E131E8 /* ForgotPasswordView.swift in Sources */ = {isa = PBXBuildFile; fileRef = 9E6F48B126EDF87B00E131E8 /* ForgotPasswordView.swift */; };
		9E6F48B526EDFB1D00E131E8 /* ButtonStyles.swift in Sources */ = {isa = PBXBuildFile; fileRef = 9E6F48B426EDFB1D00E131E8 /* ButtonStyles.swift */; };
		9E6F48B726EE0B4100E131E8 /* RootPresentationMode.swift in Sources */ = {isa = PBXBuildFile; fileRef = 9E6F48B626EE0B4100E131E8 /* RootPresentationMode.swift */; };
		9EA256F726E9E71A00B917A0 /* RoutingApp.swift in Sources */ = {isa = PBXBuildFile; fileRef = 9EA256F626E9E71A00B917A0 /* RoutingApp.swift */; };
		9EA256F926E9E71A00B917A0 /* ContentView.swift in Sources */ = {isa = PBXBuildFile; fileRef = 9EA256F826E9E71A00B917A0 /* ContentView.swift */; };
		9EA256FB26E9E71C00B917A0 /* Assets.xcassets in Resources */ = {isa = PBXBuildFile; fileRef = 9EA256FA26E9E71C00B917A0 /* Assets.xcassets */; };
		9EA256FE26E9E71C00B917A0 /* Preview Assets.xcassets in Resources */ = {isa = PBXBuildFile; fileRef = 9EA256FD26E9E71C00B917A0 /* Preview Assets.xcassets */; };
		9EA2570926E9E79900B917A0 /* NavigationViewDemo.swift in Sources */ = {isa = PBXBuildFile; fileRef = 9EA2570826E9E79900B917A0 /* NavigationViewDemo.swift */; };
		9EFAD06C26EF43F8005721BF /* FAQView.swift in Sources */ = {isa = PBXBuildFile; fileRef = 9EFAD06B26EF43F8005721BF /* FAQView.swift */; };
		9EFAD06E26EF4422005721BF /* FAQItem.swift in Sources */ = {isa = PBXBuildFile; fileRef = 9EFAD06D26EF4422005721BF /* FAQItem.swift */; };
/* End PBXBuildFile section */

/* Begin PBXFileReference section */
		9E03452D26EB5FBF00A62FD4 /* NavigationLinkDemo1.swift */ = {isa = PBXFileReference; lastKnownFileType = sourcecode.swift; path = NavigationLinkDemo1.swift; sourceTree = "<group>"; };
		9E03452F26EB679E00A62FD4 /* CustomDestinationView.swift */ = {isa = PBXFileReference; lastKnownFileType = sourcecode.swift; path = CustomDestinationView.swift; sourceTree = "<group>"; };
		9E03453126EB693A00A62FD4 /* NavigationLinkDemo2.swift */ = {isa = PBXFileReference; lastKnownFileType = sourcecode.swift; path = NavigationLinkDemo2.swift; sourceTree = "<group>"; };
		9E05E8B926F0892F005691D2 /* Demo1TabView.swift */ = {isa = PBXFileReference; lastKnownFileType = sourcecode.swift; path = Demo1TabView.swift; sourceTree = "<group>"; };
		9E05E8BB26F0A148005691D2 /* TutorialView.swift */ = {isa = PBXFileReference; lastKnownFileType = sourcecode.swift; path = TutorialView.swift; sourceTree = "<group>"; };
		9E05E8BD26F0A9CA005691D2 /* HomeView.swift */ = {isa = PBXFileReference; lastKnownFileType = sourcecode.swift; path = HomeView.swift; sourceTree = "<group>"; };
		9E05E8BF26F0AA13005691D2 /* MapView.swift */ = {isa = PBXFileReference; lastKnownFileType = sourcecode.swift; path = MapView.swift; sourceTree = "<group>"; };
		9E05E8C126F0AA1E005691D2 /* VideosView.swift */ = {isa = PBXFileReference; lastKnownFileType = sourcecode.swift; path = VideosView.swift; sourceTree = "<group>"; };
		9E05E8C326F0AA2F005691D2 /* ProfileView.swift */ = {isa = PBXFileReference; lastKnownFileType = sourcecode.swift; path = ProfileView.swift; sourceTree = "<group>"; };
		9E05E8C526F0AADB005691D2 /* MyTabView.swift */ = {isa = PBXFileReference; lastKnownFileType = sourcecode.swift; path = MyTabView.swift; sourceTree = "<group>"; };
		9E34A90B26F39E3300FE8BC2 /* SideBarDemoView.swift */ = {isa = PBXFileReference; lastKnownFileType = sourcecode.swift; path = SideBarDemoView.swift; sourceTree = "<group>"; };
		9E34A90D26F3AD9500FE8BC2 /* SideBarDemo2.swift */ = {isa = PBXFileReference; lastKnownFileType = sourcecode.swift; path = SideBarDemo2.swift; sourceTree = "<group>"; };
		9E608C3C26F1A2C800E5F0E9 /* FxTabBar.swift */ = {isa = PBXFileReference; lastKnownFileType = sourcecode.swift; path = FxTabBar.swift; sourceTree = "<group>"; };
		9E608C3E26F1DC1D00E5F0E9 /* FxTabItem.swift */ = {isa = PBXFileReference; lastKnownFileType = sourcecode.swift; path = FxTabItem.swift; sourceTree = "<group>"; };
		9E608C4026F1E74500E5F0E9 /* TabBarRouter.swift */ = {isa = PBXFileReference; lastKnownFileType = sourcecode.swift; path = TabBarRouter.swift; sourceTree = "<group>"; };
		9E608C4226F1EED000E5F0E9 /* NewPostView.swift */ = {isa = PBXFileReference; lastKnownFileType = sourcecode.swift; path = NewPostView.swift; sourceTree = "<group>"; };
		9E6F48AD26EDF84900E131E8 /* LoginView.swift */ = {isa = PBXFileReference; lastKnownFileType = sourcecode.swift; path = LoginView.swift; sourceTree = "<group>"; };
		9E6F48AF26EDF86600E131E8 /* RegisterView.swift */ = {isa = PBXFileReference; lastKnownFileType = sourcecode.swift; path = RegisterView.swift; sourceTree = "<group>"; };
		9E6F48B126EDF87B00E131E8 /* ForgotPasswordView.swift */ = {isa = PBXFileReference; lastKnownFileType = sourcecode.swift; path = ForgotPasswordView.swift; sourceTree = "<group>"; };
		9E6F48B426EDFB1D00E131E8 /* ButtonStyles.swift */ = {isa = PBXFileReference; lastKnownFileType = sourcecode.swift; path = ButtonStyles.swift; sourceTree = "<group>"; };
		9E6F48B626EE0B4100E131E8 /* RootPresentationMode.swift */ = {isa = PBXFileReference; lastKnownFileType = sourcecode.swift; path = RootPresentationMode.swift; sourceTree = "<group>"; };
		9EA256F326E9E71A00B917A0 /* Routing.app */ = {isa = PBXFileReference; explicitFileType = wrapper.application; includeInIndex = 0; path = Routing.app; sourceTree = BUILT_PRODUCTS_DIR; };
		9EA256F626E9E71A00B917A0 /* RoutingApp.swift */ = {isa = PBXFileReference; lastKnownFileType = sourcecode.swift; path = RoutingApp.swift; sourceTree = "<group>"; };
		9EA256F826E9E71A00B917A0 /* ContentView.swift */ = {isa = PBXFileReference; lastKnownFileType = sourcecode.swift; path = ContentView.swift; sourceTree = "<group>"; };
		9EA256FA26E9E71C00B917A0 /* Assets.xcassets */ = {isa = PBXFileReference; lastKnownFileType = folder.assetcatalog; path = Assets.xcassets; sourceTree = "<group>"; };
		9EA256FD26E9E71C00B917A0 /* Preview Assets.xcassets */ = {isa = PBXFileReference; lastKnownFileType = folder.assetcatalog; path = "Preview Assets.xcassets"; sourceTree = "<group>"; };
		9EA2570826E9E79900B917A0 /* NavigationViewDemo.swift */ = {isa = PBXFileReference; lastKnownFileType = sourcecode.swift; path = NavigationViewDemo.swift; sourceTree = "<group>"; };
		9EFAD06B26EF43F8005721BF /* FAQView.swift */ = {isa = PBXFileReference; lastKnownFileType = sourcecode.swift; path = FAQView.swift; sourceTree = "<group>"; };
		9EFAD06D26EF4422005721BF /* FAQItem.swift */ = {isa = PBXFileReference; lastKnownFileType = sourcecode.swift; path = FAQItem.swift; sourceTree = "<group>"; };
/* End PBXFileReference section */

/* Begin PBXFrameworksBuildPhase section */
		9EA256F026E9E71A00B917A0 /* Frameworks */ = {
			isa = PBXFrameworksBuildPhase;
			buildActionMask = 2147483647;
			files = (
			);
			runOnlyForDeploymentPostprocessing = 0;
		};
/* End PBXFrameworksBuildPhase section */

/* Begin PBXGroup section */
		9E05E8B826F0890F005691D2 /* 04_TabView */ = {
			isa = PBXGroup;
			children = (
				9E05E8B926F0892F005691D2 /* Demo1TabView.swift */,
				9E05E8BB26F0A148005691D2 /* TutorialView.swift */,
				9E05E8BD26F0A9CA005691D2 /* HomeView.swift */,
				9E05E8BF26F0AA13005691D2 /* MapView.swift */,
				9E05E8C126F0AA1E005691D2 /* VideosView.swift */,
				9E05E8C326F0AA2F005691D2 /* ProfileView.swift */,
				9E608C4226F1EED000E5F0E9 /* NewPostView.swift */,
				9E05E8C526F0AADB005691D2 /* MyTabView.swift */,
			);
			path = 04_TabView;
			sourceTree = "<group>";
		};
		9E34A90A26F39E1E00FE8BC2 /* 06_SideBar */ = {
			isa = PBXGroup;
			children = (
				9E34A90B26F39E3300FE8BC2 /* SideBarDemoView.swift */,
				9E34A90D26F3AD9500FE8BC2 /* SideBarDemo2.swift */,
			);
			path = 06_SideBar;
			sourceTree = "<group>";
		};
		9E608C3B26F1A0A500E5F0E9 /* 05_CustomTabBar */ = {
			isa = PBXGroup;
			children = (
				9E608C3C26F1A2C800E5F0E9 /* FxTabBar.swift */,
				9E608C3E26F1DC1D00E5F0E9 /* FxTabItem.swift */,
				9E608C4026F1E74500E5F0E9 /* TabBarRouter.swift */,
			);
			path = 05_CustomTabBar;
			sourceTree = "<group>";
		};
		9E6F48AC26EDF82600E131E8 /* 02_Push_Pop */ = {
			isa = PBXGroup;
			children = (
				9E6F48AD26EDF84900E131E8 /* LoginView.swift */,
				9E6F48AF26EDF86600E131E8 /* RegisterView.swift */,
				9E6F48B126EDF87B00E131E8 /* ForgotPasswordView.swift */,
			);
			path = 02_Push_Pop;
			sourceTree = "<group>";
		};
		9E6F48B326EDFB0100E131E8 /* Commons */ = {
			isa = PBXGroup;
			children = (
				9E6F48B426EDFB1D00E131E8 /* ButtonStyles.swift */,
				9E6F48B626EE0B4100E131E8 /* RootPresentationMode.swift */,
				9EFAD06D26EF4422005721BF /* FAQItem.swift */,
			);
			path = Commons;
			sourceTree = "<group>";
		};
		9EA256EA26E9E71A00B917A0 = {
			isa = PBXGroup;
			children = (
				9EA256F526E9E71A00B917A0 /* Routing */,
				9EA256F426E9E71A00B917A0 /* Products */,
			);
			sourceTree = "<group>";
		};
		9EA256F426E9E71A00B917A0 /* Products */ = {
			isa = PBXGroup;
			children = (
				9EA256F326E9E71A00B917A0 /* Routing.app */,
			);
			name = Products;
			sourceTree = "<group>";
		};
		9EA256F526E9E71A00B917A0 /* Routing */ = {
			isa = PBXGroup;
			children = (
				9E6F48B326EDFB0100E131E8 /* Commons */,
				9EA2570426E9E72E00B917A0 /* App */,
				9EA2570526E9E73800B917A0 /* Views */,
				9EA2570626E9E75200B917A0 /* Resources */,
				9EA256FC26E9E71C00B917A0 /* Preview Content */,
			);
			path = Routing;
			sourceTree = "<group>";
		};
		9EA256FC26E9E71C00B917A0 /* Preview Content */ = {
			isa = PBXGroup;
			children = (
				9EA256FD26E9E71C00B917A0 /* Preview Assets.xcassets */,
			);
			path = "Preview Content";
			sourceTree = "<group>";
		};
		9EA2570426E9E72E00B917A0 /* App */ = {
			isa = PBXGroup;
			children = (
				9EA256F626E9E71A00B917A0 /* RoutingApp.swift */,
			);
			path = App;
			sourceTree = "<group>";
		};
		9EA2570526E9E73800B917A0 /* Views */ = {
			isa = PBXGroup;
			children = (
				9E34A90A26F39E1E00FE8BC2 /* 06_SideBar */,
				9E608C3B26F1A0A500E5F0E9 /* 05_CustomTabBar */,
				9E05E8B826F0890F005691D2 /* 04_TabView */,
				9EFAD06A26EF43BC005721BF /* 03_ModalView */,
				9E6F48AC26EDF82600E131E8 /* 02_Push_Pop */,
				9EA2570726E9E78100B917A0 /* 01_Naviagtion */,
				9EA256F826E9E71A00B917A0 /* ContentView.swift */,
			);
			path = Views;
			sourceTree = "<group>";
		};
		9EA2570626E9E75200B917A0 /* Resources */ = {
			isa = PBXGroup;
			children = (
				9EA256FA26E9E71C00B917A0 /* Assets.xcassets */,
			);
			path = Resources;
			sourceTree = "<group>";
		};
		9EA2570726E9E78100B917A0 /* 01_Naviagtion */ = {
			isa = PBXGroup;
			children = (
				9EA2570826E9E79900B917A0 /* NavigationViewDemo.swift */,
				9E03452D26EB5FBF00A62FD4 /* NavigationLinkDemo1.swift */,
				9E03452F26EB679E00A62FD4 /* CustomDestinationView.swift */,
				9E03453126EB693A00A62FD4 /* NavigationLinkDemo2.swift */,
			);
			path = 01_Naviagtion;
			sourceTree = "<group>";
		};
		9EFAD06A26EF43BC005721BF /* 03_ModalView */ = {
			isa = PBXGroup;
			children = (
				9EFAD06B26EF43F8005721BF /* FAQView.swift */,
			);
			path = 03_ModalView;
			sourceTree = "<group>";
		};
/* End PBXGroup section */

/* Begin PBXNativeTarget section */
		9EA256F226E9E71A00B917A0 /* Routing */ = {
			isa = PBXNativeTarget;
			buildConfigurationList = 9EA2570126E9E71C00B917A0 /* Build configuration list for PBXNativeTarget "Routing" */;
			buildPhases = (
				9EA256EF26E9E71A00B917A0 /* Sources */,
				9EA256F026E9E71A00B917A0 /* Frameworks */,
				9EA256F126E9E71A00B917A0 /* Resources */,
			);
			buildRules = (
			);
			dependencies = (
			);
			name = Routing;
			productName = Routing;
			productReference = 9EA256F326E9E71A00B917A0 /* Routing.app */;
			productType = "com.apple.product-type.application";
		};
/* End PBXNativeTarget section */

/* Begin PBXProject section */
		9EA256EB26E9E71A00B917A0 /* Project object */ = {
			isa = PBXProject;
			attributes = {
				BuildIndependentTargetsInParallel = 1;
				LastSwiftUpdateCheck = 1300;
				LastUpgradeCheck = 1300;
				TargetAttributes = {
					9EA256F226E9E71A00B917A0 = {
						CreatedOnToolsVersion = 13.0;
					};
				};
			};
			buildConfigurationList = 9EA256EE26E9E71A00B917A0 /* Build configuration list for PBXProject "Routing" */;
			compatibilityVersion = "Xcode 13.0";
			developmentRegion = en;
			hasScannedForEncodings = 0;
			knownRegions = (
				en,
				Base,
			);
			mainGroup = 9EA256EA26E9E71A00B917A0;
			productRefGroup = 9EA256F426E9E71A00B917A0 /* Products */;
			projectDirPath = "";
			projectRoot = "";
			targets = (
				9EA256F226E9E71A00B917A0 /* Routing */,
			);
		};
/* End PBXProject section */

/* Begin PBXResourcesBuildPhase section */
		9EA256F126E9E71A00B917A0 /* Resources */ = {
			isa = PBXResourcesBuildPhase;
			buildActionMask = 2147483647;
			files = (
				9EA256FE26E9E71C00B917A0 /* Preview Assets.xcassets in Resources */,
				9EA256FB26E9E71C00B917A0 /* Assets.xcassets in Resources */,
			);
			runOnlyForDeploymentPostprocessing = 0;
		};
/* End PBXResourcesBuildPhase section */

/* Begin PBXSourcesBuildPhase section */
		9EA256EF26E9E71A00B917A0 /* Sources */ = {
			isa = PBXSourcesBuildPhase;
			buildActionMask = 2147483647;
			files = (
				9E03452E26EB5FBF00A62FD4 /* NavigationLinkDemo1.swift in Sources */,
				9E05E8BA26F0892F005691D2 /* Demo1TabView.swift in Sources */,
				9E05E8C226F0AA1E005691D2 /* VideosView.swift in Sources */,
				9E6F48AE26EDF84900E131E8 /* LoginView.swift in Sources */,
				9E03453026EB679E00A62FD4 /* CustomDestinationView.swift in Sources */,
				9E6F48B526EDFB1D00E131E8 /* ButtonStyles.swift in Sources */,
				9EA256F926E9E71A00B917A0 /* ContentView.swift in Sources */,
				9E03453226EB693A00A62FD4 /* NavigationLinkDemo2.swift in Sources */,
				9E34A90E26F3AD9500FE8BC2 /* SideBarDemo2.swift in Sources */,
				9E6F48B026EDF86600E131E8 /* RegisterView.swift in Sources */,
				9E05E8BC26F0A148005691D2 /* TutorialView.swift in Sources */,
				9E34A90C26F39E3300FE8BC2 /* SideBarDemoView.swift in Sources */,
				9E608C4126F1E74500E5F0E9 /* TabBarRouter.swift in Sources */,
				9E05E8C026F0AA13005691D2 /* MapView.swift in Sources */,
				9EFAD06C26EF43F8005721BF /* FAQView.swift in Sources */,
				9EA2570926E9E79900B917A0 /* NavigationViewDemo.swift in Sources */,
				9E6F48B226EDF87B00E131E8 /* ForgotPasswordView.swift in Sources */,
				9E608C4326F1EED000E5F0E9 /* NewPostView.swift in Sources */,
				9E608C3F26F1DC1D00E5F0E9 /* FxTabItem.swift in Sources */,
				9E05E8C626F0AADB005691D2 /* MyTabView.swift in Sources */,
				9EA256F726E9E71A00B917A0 /* RoutingApp.swift in Sources */,
				9E05E8BE26F0A9CA005691D2 /* HomeView.swift in Sources */,
				9E608C3D26F1A2C800E5F0E9 /* FxTabBar.swift in Sources */,
				9E05E8C426F0AA2F005691D2 /* ProfileView.swift in Sources */,
				9EFAD06E26EF4422005721BF /* FAQItem.swift in Sources */,
				9E6F48B726EE0B4100E131E8 /* RootPresentationMode.swift in Sources */,
			);
			runOnlyForDeploymentPostprocessing = 0;
		};
/* End PBXSourcesBuildPhase section */

/* Begin XCBuildConfiguration section */
		9EA256FF26E9E71C00B917A0 /* Debug */ = {
			isa = XCBuildConfiguration;
			buildSettings = {
				ALWAYS_SEARCH_USER_PATHS = NO;
				CLANG_ANALYZER_NONNULL = YES;
				CLANG_ANALYZER_NUMBER_OBJECT_CONVERSION = YES_AGGRESSIVE;
				CLANG_CXX_LANGUAGE_STANDARD = "gnu++14";
				CLANG_CXX_LIBRARY = "libc++";
				CLANG_ENABLE_MODULES = YES;
				CLANG_ENABLE_OBJC_ARC = YES;
				CLANG_ENABLE_OBJC_WEAK = YES;
				CLANG_WARN_BLOCK_CAPTURE_AUTORELEASING = YES;
				CLANG_WARN_BOOL_CONVERSION = YES;
				CLANG_WARN_COMMA = YES;
				CLANG_WARN_CONSTANT_CONVERSION = YES;
				CLANG_WARN_DEPRECATED_OBJC_IMPLEMENTATIONS = YES;
				CLANG_WARN_DIRECT_OBJC_ISA_USAGE = YES_ERROR;
				CLANG_WARN_DOCUMENTATION_COMMENTS = YES;
				CLANG_WARN_EMPTY_BODY = YES;
				CLANG_WARN_ENUM_CONVERSION = YES;
				CLANG_WARN_INFINITE_RECURSION = YES;
				CLANG_WARN_INT_CONVERSION = YES;
				CLANG_WARN_NON_LITERAL_NULL_CONVERSION = YES;
				CLANG_WARN_OBJC_IMPLICIT_RETAIN_SELF = YES;
				CLANG_WARN_OBJC_LITERAL_CONVERSION = YES;
				CLANG_WARN_OBJC_ROOT_CLASS = YES_ERROR;
				CLANG_WARN_QUOTED_INCLUDE_IN_FRAMEWORK_HEADER = YES;
				CLANG_WARN_RANGE_LOOP_ANALYSIS = YES;
				CLANG_WARN_STRICT_PROTOTYPES = YES;
				CLANG_WARN_SUSPICIOUS_MOVE = YES;
				CLANG_WARN_UNGUARDED_AVAILABILITY = YES_AGGRESSIVE;
				CLANG_WARN_UNREACHABLE_CODE = YES;
				CLANG_WARN__DUPLICATE_METHOD_MATCH = YES;
				COPY_PHASE_STRIP = NO;
				DEBUG_INFORMATION_FORMAT = dwarf;
				ENABLE_STRICT_OBJC_MSGSEND = YES;
				ENABLE_TESTABILITY = YES;
				GCC_C_LANGUAGE_STANDARD = gnu11;
				GCC_DYNAMIC_NO_PIC = NO;
				GCC_NO_COMMON_BLOCKS = YES;
				GCC_OPTIMIZATION_LEVEL = 0;
				GCC_PREPROCESSOR_DEFINITIONS = (
					"DEBUG=1",
					"$(inherited)",
				);
				GCC_WARN_64_TO_32_BIT_CONVERSION = YES;
				GCC_WARN_ABOUT_RETURN_TYPE = YES_ERROR;
				GCC_WARN_UNDECLARED_SELECTOR = YES;
				GCC_WARN_UNINITIALIZED_AUTOS = YES_AGGRESSIVE;
				GCC_WARN_UNUSED_FUNCTION = YES;
				GCC_WARN_UNUSED_VARIABLE = YES;
				IPHONEOS_DEPLOYMENT_TARGET = 15.0;
				MTL_ENABLE_DEBUG_INFO = INCLUDE_SOURCE;
				MTL_FAST_MATH = YES;
				ONLY_ACTIVE_ARCH = YES;
				SDKROOT = iphoneos;
				SWIFT_ACTIVE_COMPILATION_CONDITIONS = DEBUG;
				SWIFT_OPTIMIZATION_LEVEL = "-Onone";
			};
			name = Debug;
		};
		9EA2570026E9E71C00B917A0 /* Release */ = {
			isa = XCBuildConfiguration;
			buildSettings = {
				ALWAYS_SEARCH_USER_PATHS = NO;
				CLANG_ANALYZER_NONNULL = YES;
				CLANG_ANALYZER_NUMBER_OBJECT_CONVERSION = YES_AGGRESSIVE;
				CLANG_CXX_LANGUAGE_STANDARD = "gnu++14";
				CLANG_CXX_LIBRARY = "libc++";
				CLANG_ENABLE_MODULES = YES;
				CLANG_ENABLE_OBJC_ARC = YES;
				CLANG_ENABLE_OBJC_WEAK = YES;
				CLANG_WARN_BLOCK_CAPTURE_AUTORELEASING = YES;
				CLANG_WARN_BOOL_CONVERSION = YES;
				CLANG_WARN_COMMA = YES;
				CLANG_WARN_CONSTANT_CONVERSION = YES;
				CLANG_WARN_DEPRECATED_OBJC_IMPLEMENTATIONS = YES;
				CLANG_WARN_DIRECT_OBJC_ISA_USAGE = YES_ERROR;
				CLANG_WARN_DOCUMENTATION_COMMENTS = YES;
				CLANG_WARN_EMPTY_BODY = YES;
				CLANG_WARN_ENUM_CONVERSION = YES;
				CLANG_WARN_INFINITE_RECURSION = YES;
				CLANG_WARN_INT_CONVERSION = YES;
				CLANG_WARN_NON_LITERAL_NULL_CONVERSION = YES;
				CLANG_WARN_OBJC_IMPLICIT_RETAIN_SELF = YES;
				CLANG_WARN_OBJC_LITERAL_CONVERSION = YES;
				CLANG_WARN_OBJC_ROOT_CLASS = YES_ERROR;
				CLANG_WARN_QUOTED_INCLUDE_IN_FRAMEWORK_HEADER = YES;
				CLANG_WARN_RANGE_LOOP_ANALYSIS = YES;
				CLANG_WARN_STRICT_PROTOTYPES = YES;
				CLANG_WARN_SUSPICIOUS_MOVE = YES;
				CLANG_WARN_UNGUARDED_AVAILABILITY = YES_AGGRESSIVE;
				CLANG_WARN_UNREACHABLE_CODE = YES;
				CLANG_WARN__DUPLICATE_METHOD_MATCH = YES;
				COPY_PHASE_STRIP = NO;
				DEBUG_INFORMATION_FORMAT = "dwarf-with-dsym";
				ENABLE_NS_ASSERTIONS = NO;
				ENABLE_STRICT_OBJC_MSGSEND = YES;
				GCC_C_LANGUAGE_STANDARD = gnu11;
				GCC_NO_COMMON_BLOCKS = YES;
				GCC_WARN_64_TO_32_BIT_CONVERSION = YES;
				GCC_WARN_ABOUT_RETURN_TYPE = YES_ERROR;
				GCC_WARN_UNDECLARED_SELECTOR = YES;
				GCC_WARN_UNINITIALIZED_AUTOS = YES_AGGRESSIVE;
				GCC_WARN_UNUSED_FUNCTION = YES;
				GCC_WARN_UNUSED_VARIABLE = YES;
				IPHONEOS_DEPLOYMENT_TARGET = 15.0;
				MTL_ENABLE_DEBUG_INFO = NO;
				MTL_FAST_MATH = YES;
				SDKROOT = iphoneos;
				SWIFT_COMPILATION_MODE = wholemodule;
				SWIFT_OPTIMIZATION_LEVEL = "-O";
				VALIDATE_PRODUCT = YES;
			};
			name = Release;
		};
		9EA2570226E9E71C00B917A0 /* Debug */ = {
			isa = XCBuildConfiguration;
			buildSettings = {
				ASSETCATALOG_COMPILER_APPICON_NAME = AppIcon;
				ASSETCATALOG_COMPILER_GLOBAL_ACCENT_COLOR_NAME = AccentColor;
				CODE_SIGN_STYLE = Automatic;
				CURRENT_PROJECT_VERSION = 1;
				DEVELOPMENT_ASSET_PATHS = "\"Routing/Preview Content\"";
				DEVELOPMENT_TEAM = QG598U658S;
				ENABLE_PREVIEWS = YES;
				GENERATE_INFOPLIST_FILE = YES;
				INFOPLIST_KEY_UIApplicationSceneManifest_Generation = YES;
				INFOPLIST_KEY_UIApplicationSupportsIndirectInputEvents = YES;
				INFOPLIST_KEY_UILaunchScreen_Generation = YES;
				INFOPLIST_KEY_UISupportedInterfaceOrientations_iPad = "UIInterfaceOrientationPortrait UIInterfaceOrientationPortraitUpsideDown UIInterfaceOrientationLandscapeLeft UIInterfaceOrientationLandscapeRight";
				INFOPLIST_KEY_UISupportedInterfaceOrientations_iPhone = "UIInterfaceOrientationPortrait UIInterfaceOrientationLandscapeLeft UIInterfaceOrientationLandscapeRight";
				IPHONEOS_DEPLOYMENT_TARGET = 15.0;
				LD_RUNPATH_SEARCH_PATHS = (
					"$(inherited)",
					"@executable_path/Frameworks",
				);
				MARKETING_VERSION = 1.0;
				PRODUCT_BUNDLE_IDENTIFIER = com.fx.Routing;
				PRODUCT_NAME = "$(TARGET_NAME)";
				SWIFT_EMIT_LOC_STRINGS = YES;
				SWIFT_VERSION = 5.0;
				TARGETED_DEVICE_FAMILY = "1,2";
			};
			name = Debug;
		};
		9EA2570326E9E71C00B917A0 /* Release */ = {
			isa = XCBuildConfiguration;
			buildSettings = {
				ASSETCATALOG_COMPILER_APPICON_NAME = AppIcon;
				ASSETCATALOG_COMPILER_GLOBAL_ACCENT_COLOR_NAME = AccentColor;
				CODE_SIGN_STYLE = Automatic;
				CURRENT_PROJECT_VERSION = 1;
				DEVELOPMENT_ASSET_PATHS = "\"Routing/Preview Content\"";
				DEVELOPMENT_TEAM = QG598U658S;
				ENABLE_PREVIEWS = YES;
				GENERATE_INFOPLIST_FILE = YES;
				INFOPLIST_KEY_UIApplicationSceneManifest_Generation = YES;
				INFOPLIST_KEY_UIApplicationSupportsIndirectInputEvents = YES;
				INFOPLIST_KEY_UILaunchScreen_Generation = YES;
				INFOPLIST_KEY_UISupportedInterfaceOrientations_iPad = "UIInterfaceOrientationPortrait UIInterfaceOrientationPortraitUpsideDown UIInterfaceOrientationLandscapeLeft UIInterfaceOrientationLandscapeRight";
				INFOPLIST_KEY_UISupportedInterfaceOrientations_iPhone = "UIInterfaceOrientationPortrait UIInterfaceOrientationLandscapeLeft UIInterfaceOrientationLandscapeRight";
				IPHONEOS_DEPLOYMENT_TARGET = 15.0;
				LD_RUNPATH_SEARCH_PATHS = (
					"$(inherited)",
					"@executable_path/Frameworks",
				);
				MARKETING_VERSION = 1.0;
				PRODUCT_BUNDLE_IDENTIFIER = com.fx.Routing;
				PRODUCT_NAME = "$(TARGET_NAME)";
				SWIFT_EMIT_LOC_STRINGS = YES;
				SWIFT_VERSION = 5.0;
				TARGETED_DEVICE_FAMILY = "1,2";
			};
			name = Release;
		};
/* End XCBuildConfiguration section */

/* Begin XCConfigurationList section */
		9EA256EE26E9E71A00B917A0 /* Build configuration list for PBXProject "Routing" */ = {
			isa = XCConfigurationList;
			buildConfigurations = (
				9EA256FF26E9E71C00B917A0 /* Debug */,
				9EA2570026E9E71C00B917A0 /* Release */,
			);
			defaultConfigurationIsVisible = 0;
			defaultConfigurationName = Release;
		};
		9EA2570126E9E71C00B917A0 /* Build configuration list for PBXNativeTarget "Routing" */ = {
			isa = XCConfigurationList;
			buildConfigurations = (
				9EA2570226E9E71C00B917A0 /* Debug */,
				9EA2570326E9E71C00B917A0 /* Release */,
			);
			defaultConfigurationIsVisible = 0;
			defaultConfigurationName = Release;
		};
/* End XCConfigurationList section */
	};
	rootObject = 9EA256EB26E9E71A00B917A0 /* Project object */;
}
